// !$*UTF8*$!
{
	archiveVersion = 1;
	classes = {
	};
	objectVersion = 56;
	objects = {

/* Begin PBXBuildFile section */
		E1F1B2222BCC1852001DC54D /* AppDelegate.swift in Sources */ = {isa = PBXBuildFile; fileRef = E1F1B2212BCC1852001DC54D /* AppDelegate.swift */; };
		E1F1B2242BCC1852001DC54D /* SceneDelegate.swift in Sources */ = {isa = PBXBuildFile; fileRef = E1F1B2232BCC1852001DC54D /* SceneDelegate.swift */; };
		E1F1B2262BCC1852001DC54D /* ViewController.swift in Sources */ = {isa = PBXBuildFile; fileRef = E1F1B2252BCC1852001DC54D /* ViewController.swift */; };
		E1F1B22B2BCC1853001DC54D /* Assets.xcassets in Resources */ = {isa = PBXBuildFile; fileRef = E1F1B22A2BCC1853001DC54D /* Assets.xcassets */; };
		E1F1B22E2BCC1853001DC54D /* Base in Resources */ = {isa = PBXBuildFile; fileRef = E1F1B22D2BCC1853001DC54D /* Base */; };
		E1F1B23E2BCC2992001DC54D /* UIFont + Extension.swift in Sources */ = {isa = PBXBuildFile; fileRef = E1F1B23D2BCC2992001DC54D /* UIFont + Extension.swift */; };
		E1F1B2402BCC2E18001DC54D /* Color + Extension.swift in Sources */ = {isa = PBXBuildFile; fileRef = E1F1B23F2BCC2E18001DC54D /* Color + Extension.swift */; };
/* End PBXBuildFile section */

/* Begin PBXFileReference section */
		E1F1B21E2BCC1852001DC54D /* OnlineStoreTheOne.app */ = {isa = PBXFileReference; explicitFileType = wrapper.application; includeInIndex = 0; path = OnlineStoreTheOne.app; sourceTree = BUILT_PRODUCTS_DIR; };
		E1F1B2212BCC1852001DC54D /* AppDelegate.swift */ = {isa = PBXFileReference; lastKnownFileType = sourcecode.swift; path = AppDelegate.swift; sourceTree = "<group>"; };
		E1F1B2232BCC1852001DC54D /* SceneDelegate.swift */ = {isa = PBXFileReference; lastKnownFileType = sourcecode.swift; path = SceneDelegate.swift; sourceTree = "<group>"; };
		E1F1B2252BCC1852001DC54D /* ViewController.swift */ = {isa = PBXFileReference; lastKnownFileType = sourcecode.swift; path = ViewController.swift; sourceTree = "<group>"; };
		E1F1B22A2BCC1853001DC54D /* Assets.xcassets */ = {isa = PBXFileReference; lastKnownFileType = folder.assetcatalog; path = Assets.xcassets; sourceTree = "<group>"; };
		E1F1B22D2BCC1853001DC54D /* Base */ = {isa = PBXFileReference; lastKnownFileType = file.storyboard; name = Base; path = Base.lproj/LaunchScreen.storyboard; sourceTree = "<group>"; };
		E1F1B22F2BCC1853001DC54D /* Info.plist */ = {isa = PBXFileReference; lastKnownFileType = text.plist.xml; path = Info.plist; sourceTree = "<group>"; };
		E1F1B23D2BCC2992001DC54D /* UIFont + Extension.swift */ = {isa = PBXFileReference; lastKnownFileType = sourcecode.swift; path = "UIFont + Extension.swift"; sourceTree = "<group>"; };
		E1F1B23F2BCC2E18001DC54D /* Color + Extension.swift */ = {isa = PBXFileReference; lastKnownFileType = sourcecode.swift; path = "Color + Extension.swift"; sourceTree = "<group>"; };
/* End PBXFileReference section */

/* Begin PBXFrameworksBuildPhase section */
		E1F1B21B2BCC1852001DC54D /* Frameworks */ = {
			isa = PBXFrameworksBuildPhase;
			buildActionMask = 2147483647;
			files = (
			);
			runOnlyForDeploymentPostprocessing = 0;
		};
/* End PBXFrameworksBuildPhase section */

/* Begin PBXGroup section */
		E1F1B2152BCC1852001DC54D = {
			isa = PBXGroup;
			children = (
				E1F1B2202BCC1852001DC54D /* OnlineStoreTheOne */,
				E1F1B21F2BCC1852001DC54D /* Products */,
			);
			sourceTree = "<group>";
		};
		E1F1B21F2BCC1852001DC54D /* Products */ = {
			isa = PBXGroup;
			children = (
				E1F1B21E2BCC1852001DC54D /* OnlineStoreTheOne.app */,
			);
			name = Products;
			sourceTree = "<group>";
		};
		E1F1B2202BCC1852001DC54D /* OnlineStoreTheOne */ = {
			isa = PBXGroup;
			children = (
				E1F1B2392BCC24E7001DC54D /* Apps */,
				E1F1B23A2BCC2629001DC54D /* Screens */,
				E1F1B23B2BCC2634001DC54D /* Resources */,
			);
			path = OnlineStoreTheOne;
			sourceTree = "<group>";
		};
		E1F1B2392BCC24E7001DC54D /* Apps */ = {
			isa = PBXGroup;
			children = (
				E1F1B2212BCC1852001DC54D /* AppDelegate.swift */,
				E1F1B2232BCC1852001DC54D /* SceneDelegate.swift */,
				E1F1B22F2BCC1853001DC54D /* Info.plist */,
			);
			path = Apps;
			sourceTree = "<group>";
		};
		E1F1B23A2BCC2629001DC54D /* Screens */ = {
			isa = PBXGroup;
			children = (
				E1F1B2252BCC1852001DC54D /* ViewController.swift */,
			);
			path = Screens;
			sourceTree = "<group>";
		};
		E1F1B23B2BCC2634001DC54D /* Resources */ = {
			isa = PBXGroup;
			children = (
				E1F1B2412BCC32B9001DC54D /* Fonts */,
				E1F1B23C2BCC2934001DC54D /* Extensions */,
				E1F1B22A2BCC1853001DC54D /* Assets.xcassets */,
				E1F1B22C2BCC1853001DC54D /* LaunchScreen.storyboard */,
			);
			path = Resources;
			sourceTree = "<group>";
		};
		E1F1B23C2BCC2934001DC54D /* Extensions */ = {
			isa = PBXGroup;
			children = (
				E1F1B2422BCC335C001DC54D /* DesignSystem */,
			);
			path = Extensions;
			sourceTree = "<group>";
		};
		E1F1B2412BCC32B9001DC54D /* Fonts */ = {
			isa = PBXGroup;
			children = (
			);
			path = Fonts;
			sourceTree = "<group>";
		};
		E1F1B2422BCC335C001DC54D /* DesignSystem */ = {
			isa = PBXGroup;
			children = (
				E1F1B23D2BCC2992001DC54D /* UIFont + Extension.swift */,
				E1F1B23F2BCC2E18001DC54D /* Color + Extension.swift */,
			);
			path = DesignSystem;
			sourceTree = "<group>";
		};
/* End PBXGroup section */

/* Begin PBXNativeTarget section */
		E1F1B21D2BCC1852001DC54D /* OnlineStoreTheOne */ = {
			isa = PBXNativeTarget;
			buildConfigurationList = E1F1B2322BCC1853001DC54D /* Build configuration list for PBXNativeTarget "OnlineStoreTheOne" */;
			buildPhases = (
				E1F1B21A2BCC1852001DC54D /* Sources */,
				E1F1B21B2BCC1852001DC54D /* Frameworks */,
				E1F1B21C2BCC1852001DC54D /* Resources */,
			);
			buildRules = (
			);
			dependencies = (
			);
			name = OnlineStoreTheOne;
			productName = OnlineStoreTheOne;
			productReference = E1F1B21E2BCC1852001DC54D /* OnlineStoreTheOne.app */;
			productType = "com.apple.product-type.application";
		};
/* End PBXNativeTarget section */

/* Begin PBXProject section */
		E1F1B2162BCC1852001DC54D /* Project object */ = {
			isa = PBXProject;
			attributes = {
				BuildIndependentTargetsInParallel = 1;
				LastSwiftUpdateCheck = 1530;
				LastUpgradeCheck = 1530;
				TargetAttributes = {
					E1F1B21D2BCC1852001DC54D = {
						CreatedOnToolsVersion = 15.3;
					};
				};
			};
			buildConfigurationList = E1F1B2192BCC1852001DC54D /* Build configuration list for PBXProject "OnlineStoreTheOne" */;
			compatibilityVersion = "Xcode 14.0";
			developmentRegion = en;
			hasScannedForEncodings = 0;
			knownRegions = (
				en,
				Base,
			);
			mainGroup = E1F1B2152BCC1852001DC54D;
			productRefGroup = E1F1B21F2BCC1852001DC54D /* Products */;
			projectDirPath = "";
			projectRoot = "";
			targets = (
				E1F1B21D2BCC1852001DC54D /* OnlineStoreTheOne */,
			);
		};
/* End PBXProject section */

/* Begin PBXResourcesBuildPhase section */
		E1F1B21C2BCC1852001DC54D /* Resources */ = {
			isa = PBXResourcesBuildPhase;
			buildActionMask = 2147483647;
			files = (
				E1F1B22B2BCC1853001DC54D /* Assets.xcassets in Resources */,
				E1F1B22E2BCC1853001DC54D /* Base in Resources */,
			);
			runOnlyForDeploymentPostprocessing = 0;
		};
/* End PBXResourcesBuildPhase section */

/* Begin PBXSourcesBuildPhase section */
		E1F1B21A2BCC1852001DC54D /* Sources */ = {
			isa = PBXSourcesBuildPhase;
			buildActionMask = 2147483647;
			files = (
				E1F1B23E2BCC2992001DC54D /* UIFont + Extension.swift in Sources */,
				E1F1B2262BCC1852001DC54D /* ViewController.swift in Sources */,
				E1F1B2222BCC1852001DC54D /* AppDelegate.swift in Sources */,
				E1F1B2242BCC1852001DC54D /* SceneDelegate.swift in Sources */,
				E1F1B2402BCC2E18001DC54D /* Color + Extension.swift in Sources */,
			);
			runOnlyForDeploymentPostprocessing = 0;
		};
/* End PBXSourcesBuildPhase section */

/* Begin PBXVariantGroup section */
		E1F1B22C2BCC1853001DC54D /* LaunchScreen.storyboard */ = {
			isa = PBXVariantGroup;
			children = (
				E1F1B22D2BCC1853001DC54D /* Base */,
			);
			name = LaunchScreen.storyboard;
			sourceTree = "<group>";
		};
/* End PBXVariantGroup section */

/* Begin XCBuildConfiguration section */
		E1F1B2302BCC1853001DC54D /* Debug */ = {
			isa = XCBuildConfiguration;
			buildSettings = {
				ALWAYS_SEARCH_USER_PATHS = NO;
				ASSETCATALOG_COMPILER_GENERATE_SWIFT_ASSET_SYMBOL_EXTENSIONS = YES;
				CLANG_ANALYZER_NONNULL = YES;
				CLANG_ANALYZER_NUMBER_OBJECT_CONVERSION = YES_AGGRESSIVE;
				CLANG_CXX_LANGUAGE_STANDARD = "gnu++20";
				CLANG_ENABLE_MODULES = YES;
				CLANG_ENABLE_OBJC_ARC = YES;
				CLANG_ENABLE_OBJC_WEAK = YES;
				CLANG_WARN_BLOCK_CAPTURE_AUTORELEASING = YES;
				CLANG_WARN_BOOL_CONVERSION = YES;
				CLANG_WARN_COMMA = YES;
				CLANG_WARN_CONSTANT_CONVERSION = YES;
				CLANG_WARN_DEPRECATED_OBJC_IMPLEMENTATIONS = YES;
				CLANG_WARN_DIRECT_OBJC_ISA_USAGE = YES_ERROR;
				CLANG_WARN_DOCUMENTATION_COMMENTS = YES;
				CLANG_WARN_EMPTY_BODY = YES;
				CLANG_WARN_ENUM_CONVERSION = YES;
				CLANG_WARN_INFINITE_RECURSION = YES;
				CLANG_WARN_INT_CONVERSION = YES;
				CLANG_WARN_NON_LITERAL_NULL_CONVERSION = YES;
				CLANG_WARN_OBJC_IMPLICIT_RETAIN_SELF = YES;
				CLANG_WARN_OBJC_LITERAL_CONVERSION = YES;
				CLANG_WARN_OBJC_ROOT_CLASS = YES_ERROR;
				CLANG_WARN_QUOTED_INCLUDE_IN_FRAMEWORK_HEADER = YES;
				CLANG_WARN_RANGE_LOOP_ANALYSIS = YES;
				CLANG_WARN_STRICT_PROTOTYPES = YES;
				CLANG_WARN_SUSPICIOUS_MOVE = YES;
				CLANG_WARN_UNGUARDED_AVAILABILITY = YES_AGGRESSIVE;
				CLANG_WARN_UNREACHABLE_CODE = YES;
				CLANG_WARN__DUPLICATE_METHOD_MATCH = YES;
				COPY_PHASE_STRIP = NO;
				DEBUG_INFORMATION_FORMAT = dwarf;
				ENABLE_STRICT_OBJC_MSGSEND = YES;
				ENABLE_TESTABILITY = YES;
				ENABLE_USER_SCRIPT_SANDBOXING = YES;
				GCC_C_LANGUAGE_STANDARD = gnu17;
				GCC_DYNAMIC_NO_PIC = NO;
				GCC_NO_COMMON_BLOCKS = YES;
				GCC_OPTIMIZATION_LEVEL = 0;
				GCC_PREPROCESSOR_DEFINITIONS = (
					"DEBUG=1",
					"$(inherited)",
				);
				GCC_WARN_64_TO_32_BIT_CONVERSION = YES;
				GCC_WARN_ABOUT_RETURN_TYPE = YES_ERROR;
				GCC_WARN_UNDECLARED_SELECTOR = YES;
				GCC_WARN_UNINITIALIZED_AUTOS = YES_AGGRESSIVE;
				GCC_WARN_UNUSED_FUNCTION = YES;
				GCC_WARN_UNUSED_VARIABLE = YES;
				IPHONEOS_DEPLOYMENT_TARGET = 15.0;
				LOCALIZATION_PREFERS_STRING_CATALOGS = YES;
				MTL_ENABLE_DEBUG_INFO = INCLUDE_SOURCE;
				MTL_FAST_MATH = YES;
				ONLY_ACTIVE_ARCH = YES;
				SDKROOT = iphoneos;
				SWIFT_ACTIVE_COMPILATION_CONDITIONS = "DEBUG $(inherited)";
				SWIFT_OPTIMIZATION_LEVEL = "-Onone";
			};
			name = Debug;
		};
		E1F1B2312BCC1853001DC54D /* Release */ = {
			isa = XCBuildConfiguration;
			buildSettings = {
				ALWAYS_SEARCH_USER_PATHS = NO;
				ASSETCATALOG_COMPILER_GENERATE_SWIFT_ASSET_SYMBOL_EXTENSIONS = YES;
				CLANG_ANALYZER_NONNULL = YES;
				CLANG_ANALYZER_NUMBER_OBJECT_CONVERSION = YES_AGGRESSIVE;
				CLANG_CXX_LANGUAGE_STANDARD = "gnu++20";
				CLANG_ENABLE_MODULES = YES;
				CLANG_ENABLE_OBJC_ARC = YES;
				CLANG_ENABLE_OBJC_WEAK = YES;
				CLANG_WARN_BLOCK_CAPTURE_AUTORELEASING = YES;
				CLANG_WARN_BOOL_CONVERSION = YES;
				CLANG_WARN_COMMA = YES;
				CLANG_WARN_CONSTANT_CONVERSION = YES;
				CLANG_WARN_DEPRECATED_OBJC_IMPLEMENTATIONS = YES;
				CLANG_WARN_DIRECT_OBJC_ISA_USAGE = YES_ERROR;
				CLANG_WARN_DOCUMENTATION_COMMENTS = YES;
				CLANG_WARN_EMPTY_BODY = YES;
				CLANG_WARN_ENUM_CONVERSION = YES;
				CLANG_WARN_INFINITE_RECURSION = YES;
				CLANG_WARN_INT_CONVERSION = YES;
				CLANG_WARN_NON_LITERAL_NULL_CONVERSION = YES;
				CLANG_WARN_OBJC_IMPLICIT_RETAIN_SELF = YES;
				CLANG_WARN_OBJC_LITERAL_CONVERSION = YES;
				CLANG_WARN_OBJC_ROOT_CLASS = YES_ERROR;
				CLANG_WARN_QUOTED_INCLUDE_IN_FRAMEWORK_HEADER = YES;
				CLANG_WARN_RANGE_LOOP_ANALYSIS = YES;
				CLANG_WARN_STRICT_PROTOTYPES = YES;
				CLANG_WARN_SUSPICIOUS_MOVE = YES;
				CLANG_WARN_UNGUARDED_AVAILABILITY = YES_AGGRESSIVE;
				CLANG_WARN_UNREACHABLE_CODE = YES;
				CLANG_WARN__DUPLICATE_METHOD_MATCH = YES;
				COPY_PHASE_STRIP = NO;
				DEBUG_INFORMATION_FORMAT = "dwarf-with-dsym";
				ENABLE_NS_ASSERTIONS = NO;
				ENABLE_STRICT_OBJC_MSGSEND = YES;
				ENABLE_USER_SCRIPT_SANDBOXING = YES;
				GCC_C_LANGUAGE_STANDARD = gnu17;
				GCC_NO_COMMON_BLOCKS = YES;
				GCC_WARN_64_TO_32_BIT_CONVERSION = YES;
				GCC_WARN_ABOUT_RETURN_TYPE = YES_ERROR;
				GCC_WARN_UNDECLARED_SELECTOR = YES;
				GCC_WARN_UNINITIALIZED_AUTOS = YES_AGGRESSIVE;
				GCC_WARN_UNUSED_FUNCTION = YES;
				GCC_WARN_UNUSED_VARIABLE = YES;
				IPHONEOS_DEPLOYMENT_TARGET = 15.0;
				LOCALIZATION_PREFERS_STRING_CATALOGS = YES;
				MTL_ENABLE_DEBUG_INFO = NO;
				MTL_FAST_MATH = YES;
				SDKROOT = iphoneos;
				SWIFT_COMPILATION_MODE = wholemodule;
				VALIDATE_PRODUCT = YES;
			};
			name = Release;
		};
		E1F1B2332BCC1853001DC54D /* Debug */ = {
			isa = XCBuildConfiguration;
			buildSettings = {
				ASSETCATALOG_COMPILER_APPICON_NAME = AppIcon;
				ASSETCATALOG_COMPILER_GLOBAL_ACCENT_COLOR_NAME = AccentColor;
				CODE_SIGN_STYLE = Automatic;
				CURRENT_PROJECT_VERSION = 1;
				DEVELOPMENT_TEAM = KYB528F2CP;
				GENERATE_INFOPLIST_FILE = YES;
				INFOPLIST_FILE = OnlineStoreTheOne/Apps/Info.plist;
				INFOPLIST_KEY_UIApplicationSupportsIndirectInputEvents = YES;
				INFOPLIST_KEY_UILaunchStoryboardName = LaunchScreen;
				INFOPLIST_KEY_UISupportedInterfaceOrientations = UIInterfaceOrientationPortrait;
				INFOPLIST_KEY_UISupportedInterfaceOrientations_iPad = "UIInterfaceOrientationLandscapeLeft UIInterfaceOrientationLandscapeRight UIInterfaceOrientationPortrait UIInterfaceOrientationPortraitUpsideDown";
				IPHONEOS_DEPLOYMENT_TARGET = 15.0;
				LD_RUNPATH_SEARCH_PATHS = (
					"$(inherited)",
					"@executable_path/Frameworks",
				);
				MARKETING_VERSION = 1.0;
				PRODUCT_BUNDLE_IDENTIFIER = keller.OnlineStoreTheOne;
				PRODUCT_NAME = "$(TARGET_NAME)";
				SUPPORTED_PLATFORMS = "iphoneos iphonesimulator";
				SUPPORTS_MACCATALYST = NO;
				SUPPORTS_MAC_DESIGNED_FOR_IPHONE_IPAD = NO;
				SUPPORTS_XR_DESIGNED_FOR_IPHONE_IPAD = NO;
				SWIFT_EMIT_LOC_STRINGS = YES;
				SWIFT_VERSION = 5.0;
				TARGETED_DEVICE_FAMILY = 1;
			};
			name = Debug;
		};
		E1F1B2342BCC1853001DC54D /* Release */ = {
			isa = XCBuildConfiguration;
			buildSettings = {
				ASSETCATALOG_COMPILER_APPICON_NAME = AppIcon;
				ASSETCATALOG_COMPILER_GLOBAL_ACCENT_COLOR_NAME = AccentColor;
				CODE_SIGN_STYLE = Automatic;
				CURRENT_PROJECT_VERSION = 1;
				DEVELOPMENT_TEAM = KYB528F2CP;
				GENERATE_INFOPLIST_FILE = YES;
				INFOPLIST_FILE = OnlineStoreTheOne/Apps/Info.plist;
				INFOPLIST_KEY_UIApplicationSupportsIndirectInputEvents = YES;
				INFOPLIST_KEY_UILaunchStoryboardName = LaunchScreen;
				INFOPLIST_KEY_UISupportedInterfaceOrientations = UIInterfaceOrientationPortrait;
				INFOPLIST_KEY_UISupportedInterfaceOrientations_iPad = "UIInterfaceOrientationLandscapeLeft UIInterfaceOrientationLandscapeRight UIInterfaceOrientationPortrait UIInterfaceOrientationPortraitUpsideDown";
				IPHONEOS_DEPLOYMENT_TARGET = 15.0;
				LD_RUNPATH_SEARCH_PATHS = (
					"$(inherited)",
					"@executable_path/Frameworks",
				);
				MARKETING_VERSION = 1.0;
				PRODUCT_BUNDLE_IDENTIFIER = keller.OnlineStoreTheOne;
				PRODUCT_NAME = "$(TARGET_NAME)";
				SUPPORTED_PLATFORMS = "iphoneos iphonesimulator";
				SUPPORTS_MACCATALYST = NO;
				SUPPORTS_MAC_DESIGNED_FOR_IPHONE_IPAD = NO;
				SUPPORTS_XR_DESIGNED_FOR_IPHONE_IPAD = NO;
				SWIFT_EMIT_LOC_STRINGS = YES;
				SWIFT_VERSION = 5.0;
				TARGETED_DEVICE_FAMILY = 1;
			};
			name = Release;
		};
/* End XCBuildConfiguration section */

/* Begin XCConfigurationList section */
		E1F1B2192BCC1852001DC54D /* Build configuration list for PBXProject "OnlineStoreTheOne" */ = {
			isa = XCConfigurationList;
			buildConfigurations = (
				E1F1B2302BCC1853001DC54D /* Debug */,
				E1F1B2312BCC1853001DC54D /* Release */,
			);
			defaultConfigurationIsVisible = 0;
			defaultConfigurationName = Release;
		};
		E1F1B2322BCC1853001DC54D /* Build configuration list for PBXNativeTarget "OnlineStoreTheOne" */ = {
			isa = XCConfigurationList;
			buildConfigurations = (
				E1F1B2332BCC1853001DC54D /* Debug */,
				E1F1B2342BCC1853001DC54D /* Release */,
			);
			defaultConfigurationIsVisible = 0;
			defaultConfigurationName = Release;
		};
/* End XCConfigurationList section */
	};
	rootObject = E1F1B2162BCC1852001DC54D /* Project object */;
}
