// !$*UTF8*$!
{
	archiveVersion = 1;
	classes = {
	};
	objectVersion = 56;
	objects = {

/* Begin PBXBuildFile section */
		531121EE2BD2E5240018FA37 /* ButtonWithLabelFactory.swift in Sources */ = {isa = PBXBuildFile; fileRef = 531121EC2BD2E5240018FA37 /* ButtonWithLabelFactory.swift */; };
		531121EF2BD2E5240018FA37 /* LabelFactory.swift in Sources */ = {isa = PBXBuildFile; fileRef = 531121ED2BD2E5240018FA37 /* LabelFactory.swift */; };
		531121F02BD2E5EE0018FA37 /* TermsConditionalsScreen.swift in Sources */ = {isa = PBXBuildFile; fileRef = 53369BB72BD055AF00699323 /* TermsConditionalsScreen.swift */; };
		531121F12BD2E5EE0018FA37 /* TypeOfAccountViewController.swift in Sources */ = {isa = PBXBuildFile; fileRef = 531121E62BD1A99A0018FA37 /* TypeOfAccountViewController.swift */; };
		531121F22BD2E5EE0018FA37 /* EditImageScreen.swift in Sources */ = {isa = PBXBuildFile; fileRef = 531121EA2BD2CF9D0018FA37 /* EditImageScreen.swift */; };
		86490FF42BCE9B5300FCF45C /* OnboardingViewController.swift in Sources */ = {isa = PBXBuildFile; fileRef = 86490FF32BCE9B5300FCF45C /* OnboardingViewController.swift */; };
		86490FFA2BD13C1600FCF45C /* ManagerViewController.swift in Sources */ = {isa = PBXBuildFile; fileRef = 86490FF92BD13C1600FCF45C /* ManagerViewController.swift */; };
		86C474FE2BD507820070E3D8 /* DetailsViewController.swift in Sources */ = {isa = PBXBuildFile; fileRef = 86C474FD2BD507820070E3D8 /* DetailsViewController.swift */; };
		86C4750B2BD52EDD0070E3D8 /* ProductListView.swift in Sources */ = {isa = PBXBuildFile; fileRef = 86C4750A2BD52EDD0070E3D8 /* ProductListView.swift */; };
		BEBA5DBD2BD0621900737686 /* ListItem.swift in Sources */ = {isa = PBXBuildFile; fileRef = BEBA5DB12BD0621900737686 /* ListItem.swift */; };
		BEBA5DBE2BD0621900737686 /* MockData.swift in Sources */ = {isa = PBXBuildFile; fileRef = BEBA5DB22BD0621900737686 /* MockData.swift */; };
		BEBA5DBF2BD0621900737686 /* ListSection.swift in Sources */ = {isa = PBXBuildFile; fileRef = BEBA5DB32BD0621900737686 /* ListSection.swift */; };
		BEBA5DC02BD0621900737686 /* HeaderProductsView.swift in Sources */ = {isa = PBXBuildFile; fileRef = BEBA5DB52BD0621900737686 /* HeaderProductsView.swift */; };
		BEBA5DC12BD0621900737686 /* CategoryCollectionViewCell.swift in Sources */ = {isa = PBXBuildFile; fileRef = BEBA5DB62BD0621900737686 /* CategoryCollectionViewCell.swift */; };
		BEBA5DC22BD0621900737686 /* HeaderNavBarMenuView.swift in Sources */ = {isa = PBXBuildFile; fileRef = BEBA5DB72BD0621900737686 /* HeaderNavBarMenuView.swift */; };
		BEBA5DC32BD0621900737686 /* SearchFieldCollectionViewCell.swift in Sources */ = {isa = PBXBuildFile; fileRef = BEBA5DB82BD0621900737686 /* SearchFieldCollectionViewCell.swift */; };
		BEBA5DC42BD0621900737686 /* ProductCollectionViewCell.swift in Sources */ = {isa = PBXBuildFile; fileRef = BEBA5DB92BD0621900737686 /* ProductCollectionViewCell.swift */; };
		BEBA5DC52BD0621900737686 /* HomeViewController.swift in Sources */ = {isa = PBXBuildFile; fileRef = BEBA5DBB2BD0621900737686 /* HomeViewController.swift */; };
		BEBA5DCB2BD10E6C00737686 /* SearchResultViewController.swift in Sources */ = {isa = PBXBuildFile; fileRef = BEBA5DCA2BD10E6C00737686 /* SearchResultViewController.swift */; };
		E13B33FC2BD2A097007B17FC /* Kingfisher in Frameworks */ = {isa = PBXBuildFile; productRef = E13B33FB2BD2A097007B17FC /* Kingfisher */; };
		E16BB6672BD30CEC009991F3 /* ProfileViewModel.swift in Sources */ = {isa = PBXBuildFile; fileRef = E16BB6662BD30CEC009991F3 /* ProfileViewModel.swift */; };
		E16BB6692BD30D1D009991F3 /* ProfileViewController.swift in Sources */ = {isa = PBXBuildFile; fileRef = E16BB6682BD30D1D009991F3 /* ProfileViewController.swift */; };
		E16BB66F2BD4616E009991F3 /* RealmStorageService.swift in Sources */ = {isa = PBXBuildFile; fileRef = E16BB66E2BD4616E009991F3 /* RealmStorageService.swift */; };
		E16BB6722BD461C1009991F3 /* Realm in Frameworks */ = {isa = PBXBuildFile; productRef = E16BB6712BD461C1009991F3 /* Realm */; };
		E16BB6742BD461C1009991F3 /* RealmSwift in Frameworks */ = {isa = PBXBuildFile; productRef = E16BB6732BD461C1009991F3 /* RealmSwift */; };
		E16BB6762BD46389009991F3 /* WishListModel.swift in Sources */ = {isa = PBXBuildFile; fileRef = E16BB6752BD46389009991F3 /* WishListModel.swift */; };
		E16BB6792BD4DEF6009991F3 /* CartsModel.swift in Sources */ = {isa = PBXBuildFile; fileRef = E16BB6782BD4DEF6009991F3 /* CartsModel.swift */; };
		E16BB67D2BD4FB97009991F3 /* RealmStorageService + Extension.swift in Sources */ = {isa = PBXBuildFile; fileRef = E16BB67C2BD4FB97009991F3 /* RealmStorageService + Extension.swift */; };
		E16BB6802BD501EC009991F3 /* MainViewModel.swift in Sources */ = {isa = PBXBuildFile; fileRef = E16BB67F2BD501EC009991F3 /* MainViewModel.swift */; };
		E16BB6822BD50C8F009991F3 /* AlertController + Extension.swift in Sources */ = {isa = PBXBuildFile; fileRef = E16BB6812BD50C8F009991F3 /* AlertController + Extension.swift */; };
		E16BB6842BD5ABCA009991F3 /* StorageError.swift in Sources */ = {isa = PBXBuildFile; fileRef = E16BB6832BD5ABCA009991F3 /* StorageError.swift */; };
		E16BB6862BD5B3DA009991F3 /* RealmModelProtocol.swift in Sources */ = {isa = PBXBuildFile; fileRef = E16BB6852BD5B3DA009991F3 /* RealmModelProtocol.swift */; };
		E16BB6952BD65203009991F3 /* DetailsProductViewModel.swift in Sources */ = {isa = PBXBuildFile; fileRef = 86C475102BD5B4B40070E3D8 /* DetailsProductViewModel.swift */; };
		E16BB6962BD65218009991F3 /* PhotoCollectionView.swift in Sources */ = {isa = PBXBuildFile; fileRef = 86C475032BD50CF10070E3D8 /* PhotoCollectionView.swift */; };
		E16BB6982BD654B6009991F3 /* PhotoCell.swift in Sources */ = {isa = PBXBuildFile; fileRef = E16BB6972BD654B6009991F3 /* PhotoCell.swift */; };
		E16BB6992BD65592009991F3 /* UICollectionView+Extension.swift in Sources */ = {isa = PBXBuildFile; fileRef = 86C475052BD50D8B0070E3D8 /* UICollectionView+Extension.swift */; };
		E16BB69A2BD65592009991F3 /* IdentifiableCell.swift in Sources */ = {isa = PBXBuildFile; fileRef = 86C475072BD50DB20070E3D8 /* IdentifiableCell.swift */; };
		E18A56052BD789BB00E34777 /* NavigationController + Extension.swift in Sources */ = {isa = PBXBuildFile; fileRef = E18A56042BD789BB00E34777 /* NavigationController + Extension.swift */; };
		E1A2E82F2BCCFB3F00CC0D64 /* NetworkService.swift in Sources */ = {isa = PBXBuildFile; fileRef = E1A2E82E2BCCFB3F00CC0D64 /* NetworkService.swift */; };
		E1A2E8332BCCFEE200CC0D64 /* Endpoint.swift in Sources */ = {isa = PBXBuildFile; fileRef = E1A2E8322BCCFEE200CC0D64 /* Endpoint.swift */; };
		E1A2E8352BCCFF0B00CC0D64 /* NetworkError.swift in Sources */ = {isa = PBXBuildFile; fileRef = E1A2E8342BCCFF0B00CC0D64 /* NetworkError.swift */; };
		E1A2E8372BCD019A00CC0D64 /* Endpoint + Extension.swift in Sources */ = {isa = PBXBuildFile; fileRef = E1A2E8362BCD019A00CC0D64 /* Endpoint + Extension.swift */; };
		E1A2E83A2BCD109600CC0D64 /* ProductsModel.swift in Sources */ = {isa = PBXBuildFile; fileRef = E1A2E8392BCD109600CC0D64 /* ProductsModel.swift */; };
		E1A2E83E2BCD20AA00CC0D64 /* Result + Extension.swift in Sources */ = {isa = PBXBuildFile; fileRef = E1A2E83D2BCD20AA00CC0D64 /* Result + Extension.swift */; };
		E1A2E8402BCD216B00CC0D64 /* Sequwnces + Extension.swift in Sources */ = {isa = PBXBuildFile; fileRef = E1A2E83F2BCD216B00CC0D64 /* Sequwnces + Extension.swift */; };
		E1A2E84B2BCDB92A00CC0D64 /* ButtonFactory.swift in Sources */ = {isa = PBXBuildFile; fileRef = E1A2E84A2BCDB92A00CC0D64 /* ButtonFactory.swift */; };
		E1D1DC1C2BD06FE30009C2A3 /* StorageService.swift in Sources */ = {isa = PBXBuildFile; fileRef = E1D1DC1B2BD06FE30009C2A3 /* StorageService.swift */; };
		E1D1DC212BD0710F0009C2A3 /* CartsViewController + UITableView.swift in Sources */ = {isa = PBXBuildFile; fileRef = E1D1DC202BD0710F0009C2A3 /* CartsViewController + UITableView.swift */; };
		E1D1DC252BD071290009C2A3 /* CartsTableViewCell.swift in Sources */ = {isa = PBXBuildFile; fileRef = E1D1DC242BD071290009C2A3 /* CartsTableViewCell.swift */; };
		E1D1DC2F2BD071B30009C2A3 /* WishListViewController.swift in Sources */ = {isa = PBXBuildFile; fileRef = E1D1DC2E2BD071B30009C2A3 /* WishListViewController.swift */; };
		E1D1DC312BD071BA0009C2A3 /* WishListViewModel.swift in Sources */ = {isa = PBXBuildFile; fileRef = E1D1DC302BD071BA0009C2A3 /* WishListViewModel.swift */; };
		E1D1DC362BD102E90009C2A3 /* UIView + Extension.swift in Sources */ = {isa = PBXBuildFile; fileRef = E1D1DC352BD102E90009C2A3 /* UIView + Extension.swift */; };
		E1D1DC382BD1132E0009C2A3 /* NavBarController.swift in Sources */ = {isa = PBXBuildFile; fileRef = E1D1DC372BD1132E0009C2A3 /* NavBarController.swift */; };
		E1D1DC3A2BD24FC10009C2A3 /* CartButton.swift in Sources */ = {isa = PBXBuildFile; fileRef = E1D1DC392BD24FC10009C2A3 /* CartButton.swift */; };
		E1D1DC3D2BD2730B0009C2A3 /* WishListViewControllet + UICollectionView.swift in Sources */ = {isa = PBXBuildFile; fileRef = E1D1DC3C2BD2730B0009C2A3 /* WishListViewControllet + UICollectionView.swift */; };
		E1D1DC3F2BD273CA0009C2A3 /* WishListCollectionCell.swift in Sources */ = {isa = PBXBuildFile; fileRef = E1D1DC3E2BD273CA0009C2A3 /* WishListCollectionCell.swift */; };
		E1D1DC422BD27AAB0009C2A3 /* Categories.swift in Sources */ = {isa = PBXBuildFile; fileRef = E1D1DC412BD27AAB0009C2A3 /* Categories.swift */; };
		E1F1B2222BCC1852001DC54D /* AppDelegate.swift in Sources */ = {isa = PBXBuildFile; fileRef = E1F1B2212BCC1852001DC54D /* AppDelegate.swift */; };
		E1F1B2242BCC1852001DC54D /* SceneDelegate.swift in Sources */ = {isa = PBXBuildFile; fileRef = E1F1B2232BCC1852001DC54D /* SceneDelegate.swift */; };
		E1F1B22B2BCC1853001DC54D /* Assets.xcassets in Resources */ = {isa = PBXBuildFile; fileRef = E1F1B22A2BCC1853001DC54D /* Assets.xcassets */; };
		E1F1B22E2BCC1853001DC54D /* Base in Resources */ = {isa = PBXBuildFile; fileRef = E1F1B22D2BCC1853001DC54D /* Base */; };
		E1F1B23E2BCC2992001DC54D /* UIFont + Extension.swift in Sources */ = {isa = PBXBuildFile; fileRef = E1F1B23D2BCC2992001DC54D /* UIFont + Extension.swift */; };
		E1F1B2402BCC2E18001DC54D /* Color + Extension.swift in Sources */ = {isa = PBXBuildFile; fileRef = E1F1B23F2BCC2E18001DC54D /* Color + Extension.swift */; };
		E1F1B24C2BCC36E2001DC54D /* Inter-Thin.ttf in Resources */ = {isa = PBXBuildFile; fileRef = E1F1B2432BCC36E1001DC54D /* Inter-Thin.ttf */; };
		E1F1B24D2BCC36E2001DC54D /* Inter-ExtraLight.ttf in Resources */ = {isa = PBXBuildFile; fileRef = E1F1B2442BCC36E1001DC54D /* Inter-ExtraLight.ttf */; };
		E1F1B24E2BCC36E2001DC54D /* Inter-Regular.ttf in Resources */ = {isa = PBXBuildFile; fileRef = E1F1B2452BCC36E1001DC54D /* Inter-Regular.ttf */; };
		E1F1B24F2BCC36E2001DC54D /* Inter-Black.ttf in Resources */ = {isa = PBXBuildFile; fileRef = E1F1B2462BCC36E1001DC54D /* Inter-Black.ttf */; };
		E1F1B2502BCC36E2001DC54D /* Inter-Light.ttf in Resources */ = {isa = PBXBuildFile; fileRef = E1F1B2472BCC36E1001DC54D /* Inter-Light.ttf */; };
		E1F1B2512BCC36E2001DC54D /* Inter-Bold.ttf in Resources */ = {isa = PBXBuildFile; fileRef = E1F1B2482BCC36E2001DC54D /* Inter-Bold.ttf */; };
		E1F1B2522BCC36E2001DC54D /* Inter-Medium.ttf in Resources */ = {isa = PBXBuildFile; fileRef = E1F1B2492BCC36E2001DC54D /* Inter-Medium.ttf */; };
		E1F1B2532BCC36E2001DC54D /* Inter-ExtraBold.ttf in Resources */ = {isa = PBXBuildFile; fileRef = E1F1B24A2BCC36E2001DC54D /* Inter-ExtraBold.ttf */; };
		E1F1B2542BCC36E2001DC54D /* Inter-SemiBold.ttf in Resources */ = {isa = PBXBuildFile; fileRef = E1F1B24B2BCC36E2001DC54D /* Inter-SemiBold.ttf */; };
		E1F1B25A2BCC4FE2001DC54D /* CartsViewController.swift in Sources */ = {isa = PBXBuildFile; fileRef = E1F1B2592BCC4FE2001DC54D /* CartsViewController.swift */; };
		E1F1B25D2BCC5042001DC54D /* CartsViewModel.swift in Sources */ = {isa = PBXBuildFile; fileRef = E1F1B25C2BCC5042001DC54D /* CartsViewModel.swift */; };
		E1F1B2632BCC50D5001DC54D /* Observable.swift in Sources */ = {isa = PBXBuildFile; fileRef = E1F1B2622BCC50D5001DC54D /* Observable.swift */; };
		E1F1B2662BCC5122001DC54D /* SnapKit in Frameworks */ = {isa = PBXBuildFile; productRef = E1F1B2652BCC5122001DC54D /* SnapKit */; };
		E1F1B2682BCC5122001DC54D /* SnapKit-Dynamic in Frameworks */ = {isa = PBXBuildFile; productRef = E1F1B2672BCC5122001DC54D /* SnapKit-Dynamic */; };
		E1F1B26B2BCC6B60001DC54D /* TabBarController.swift in Sources */ = {isa = PBXBuildFile; fileRef = E1F1B26A2BCC6B60001DC54D /* TabBarController.swift */; };
/* End PBXBuildFile section */

/* Begin PBXFileReference section */
		531121E62BD1A99A0018FA37 /* TypeOfAccountViewController.swift */ = {isa = PBXFileReference; lastKnownFileType = sourcecode.swift; path = TypeOfAccountViewController.swift; sourceTree = "<group>"; };
		531121EA2BD2CF9D0018FA37 /* EditImageScreen.swift */ = {isa = PBXFileReference; lastKnownFileType = sourcecode.swift; path = EditImageScreen.swift; sourceTree = "<group>"; };
		531121EC2BD2E5240018FA37 /* ButtonWithLabelFactory.swift */ = {isa = PBXFileReference; fileEncoding = 4; lastKnownFileType = sourcecode.swift; name = ButtonWithLabelFactory.swift; path = OnlineStoreTheOne/Resources/Helpers/ButtonWithLabelFactory.swift; sourceTree = SOURCE_ROOT; };
		531121ED2BD2E5240018FA37 /* LabelFactory.swift */ = {isa = PBXFileReference; fileEncoding = 4; lastKnownFileType = sourcecode.swift; name = LabelFactory.swift; path = OnlineStoreTheOne/Resources/Helpers/LabelFactory.swift; sourceTree = SOURCE_ROOT; };
		53369BB72BD055AF00699323 /* TermsConditionalsScreen.swift */ = {isa = PBXFileReference; lastKnownFileType = sourcecode.swift; path = TermsConditionalsScreen.swift; sourceTree = "<group>"; };
		86490FF32BCE9B5300FCF45C /* OnboardingViewController.swift */ = {isa = PBXFileReference; lastKnownFileType = sourcecode.swift; path = OnboardingViewController.swift; sourceTree = "<group>"; };
		86490FF92BD13C1600FCF45C /* ManagerViewController.swift */ = {isa = PBXFileReference; lastKnownFileType = sourcecode.swift; path = ManagerViewController.swift; sourceTree = "<group>"; };
		86C474FD2BD507820070E3D8 /* DetailsViewController.swift */ = {isa = PBXFileReference; lastKnownFileType = sourcecode.swift; path = DetailsViewController.swift; sourceTree = "<group>"; };
		86C475032BD50CF10070E3D8 /* PhotoCollectionView.swift */ = {isa = PBXFileReference; lastKnownFileType = sourcecode.swift; path = PhotoCollectionView.swift; sourceTree = "<group>"; };
		86C475052BD50D8B0070E3D8 /* UICollectionView+Extension.swift */ = {isa = PBXFileReference; lastKnownFileType = sourcecode.swift; path = "UICollectionView+Extension.swift"; sourceTree = "<group>"; };
		86C475072BD50DB20070E3D8 /* IdentifiableCell.swift */ = {isa = PBXFileReference; lastKnownFileType = sourcecode.swift; path = IdentifiableCell.swift; sourceTree = "<group>"; };
		86C4750A2BD52EDD0070E3D8 /* ProductListView.swift */ = {isa = PBXFileReference; lastKnownFileType = sourcecode.swift; path = ProductListView.swift; sourceTree = "<group>"; };
		86C475102BD5B4B40070E3D8 /* DetailsProductViewModel.swift */ = {isa = PBXFileReference; lastKnownFileType = sourcecode.swift; path = DetailsProductViewModel.swift; sourceTree = "<group>"; };
		BEBA5DAE2BD0621900737686 /* MainViewModel.swift */ = {isa = PBXFileReference; fileEncoding = 4; lastKnownFileType = sourcecode.swift; path = MainViewModel.swift; sourceTree = "<group>"; };
		BEBA5DB12BD0621900737686 /* ListItem.swift */ = {isa = PBXFileReference; fileEncoding = 4; lastKnownFileType = sourcecode.swift; path = ListItem.swift; sourceTree = "<group>"; };
		BEBA5DB22BD0621900737686 /* MockData.swift */ = {isa = PBXFileReference; fileEncoding = 4; lastKnownFileType = sourcecode.swift; path = MockData.swift; sourceTree = "<group>"; };
		BEBA5DB32BD0621900737686 /* ListSection.swift */ = {isa = PBXFileReference; fileEncoding = 4; lastKnownFileType = sourcecode.swift; path = ListSection.swift; sourceTree = "<group>"; };
		BEBA5DB52BD0621900737686 /* HeaderProductsView.swift */ = {isa = PBXFileReference; fileEncoding = 4; lastKnownFileType = sourcecode.swift; path = HeaderProductsView.swift; sourceTree = "<group>"; };
		BEBA5DB62BD0621900737686 /* CategoryCollectionViewCell.swift */ = {isa = PBXFileReference; fileEncoding = 4; lastKnownFileType = sourcecode.swift; path = CategoryCollectionViewCell.swift; sourceTree = "<group>"; };
		BEBA5DB72BD0621900737686 /* HeaderNavBarMenuView.swift */ = {isa = PBXFileReference; fileEncoding = 4; lastKnownFileType = sourcecode.swift; path = HeaderNavBarMenuView.swift; sourceTree = "<group>"; };
		BEBA5DB82BD0621900737686 /* SearchFieldCollectionViewCell.swift */ = {isa = PBXFileReference; fileEncoding = 4; lastKnownFileType = sourcecode.swift; path = SearchFieldCollectionViewCell.swift; sourceTree = "<group>"; };
		BEBA5DB92BD0621900737686 /* ProductCollectionViewCell.swift */ = {isa = PBXFileReference; fileEncoding = 4; lastKnownFileType = sourcecode.swift; path = ProductCollectionViewCell.swift; sourceTree = "<group>"; };
		BEBA5DBB2BD0621900737686 /* HomeViewController.swift */ = {isa = PBXFileReference; fileEncoding = 4; lastKnownFileType = sourcecode.swift; path = HomeViewController.swift; sourceTree = "<group>"; };
		BEBA5DCA2BD10E6C00737686 /* SearchResultViewController.swift */ = {isa = PBXFileReference; lastKnownFileType = sourcecode.swift; path = SearchResultViewController.swift; sourceTree = "<group>"; };
		E16BB6662BD30CEC009991F3 /* ProfileViewModel.swift */ = {isa = PBXFileReference; lastKnownFileType = sourcecode.swift; path = ProfileViewModel.swift; sourceTree = "<group>"; };
		E16BB6682BD30D1D009991F3 /* ProfileViewController.swift */ = {isa = PBXFileReference; fileEncoding = 4; lastKnownFileType = sourcecode.swift; path = ProfileViewController.swift; sourceTree = "<group>"; };
		E16BB66E2BD4616E009991F3 /* RealmStorageService.swift */ = {isa = PBXFileReference; lastKnownFileType = sourcecode.swift; path = RealmStorageService.swift; sourceTree = "<group>"; };
		E16BB6752BD46389009991F3 /* WishListModel.swift */ = {isa = PBXFileReference; lastKnownFileType = sourcecode.swift; path = WishListModel.swift; sourceTree = "<group>"; };
		E16BB6782BD4DEF6009991F3 /* CartsModel.swift */ = {isa = PBXFileReference; lastKnownFileType = sourcecode.swift; path = CartsModel.swift; sourceTree = "<group>"; };
		E16BB67C2BD4FB97009991F3 /* RealmStorageService + Extension.swift */ = {isa = PBXFileReference; lastKnownFileType = sourcecode.swift; path = "RealmStorageService + Extension.swift"; sourceTree = "<group>"; };
		E16BB67F2BD501EC009991F3 /* MainViewModel.swift */ = {isa = PBXFileReference; fileEncoding = 4; lastKnownFileType = sourcecode.swift; path = MainViewModel.swift; sourceTree = "<group>"; };
		E16BB6812BD50C8F009991F3 /* AlertController + Extension.swift */ = {isa = PBXFileReference; fileEncoding = 4; lastKnownFileType = sourcecode.swift; path = "AlertController + Extension.swift"; sourceTree = "<group>"; };
		E16BB6832BD5ABCA009991F3 /* StorageError.swift */ = {isa = PBXFileReference; lastKnownFileType = sourcecode.swift; path = StorageError.swift; sourceTree = "<group>"; };
		E16BB6852BD5B3DA009991F3 /* RealmModelProtocol.swift */ = {isa = PBXFileReference; lastKnownFileType = sourcecode.swift; path = RealmModelProtocol.swift; sourceTree = "<group>"; };
		E16BB6972BD654B6009991F3 /* PhotoCell.swift */ = {isa = PBXFileReference; fileEncoding = 4; lastKnownFileType = sourcecode.swift; path = PhotoCell.swift; sourceTree = "<group>"; };
		E18A56042BD789BB00E34777 /* NavigationController + Extension.swift */ = {isa = PBXFileReference; lastKnownFileType = sourcecode.swift; path = "NavigationController + Extension.swift"; sourceTree = "<group>"; };
		E1A2E82E2BCCFB3F00CC0D64 /* NetworkService.swift */ = {isa = PBXFileReference; lastKnownFileType = sourcecode.swift; path = NetworkService.swift; sourceTree = "<group>"; };
		E1A2E8322BCCFEE200CC0D64 /* Endpoint.swift */ = {isa = PBXFileReference; lastKnownFileType = sourcecode.swift; path = Endpoint.swift; sourceTree = "<group>"; };
		E1A2E8342BCCFF0B00CC0D64 /* NetworkError.swift */ = {isa = PBXFileReference; lastKnownFileType = sourcecode.swift; path = NetworkError.swift; sourceTree = "<group>"; };
		E1A2E8362BCD019A00CC0D64 /* Endpoint + Extension.swift */ = {isa = PBXFileReference; lastKnownFileType = sourcecode.swift; path = "Endpoint + Extension.swift"; sourceTree = "<group>"; };
		E1A2E8392BCD109600CC0D64 /* ProductsModel.swift */ = {isa = PBXFileReference; lastKnownFileType = sourcecode.swift; path = ProductsModel.swift; sourceTree = "<group>"; };
		E1A2E83D2BCD20AA00CC0D64 /* Result + Extension.swift */ = {isa = PBXFileReference; lastKnownFileType = sourcecode.swift; path = "Result + Extension.swift"; sourceTree = "<group>"; };
		E1A2E83F2BCD216B00CC0D64 /* Sequwnces + Extension.swift */ = {isa = PBXFileReference; lastKnownFileType = sourcecode.swift; path = "Sequwnces + Extension.swift"; sourceTree = "<group>"; };
		E1A2E84A2BCDB92A00CC0D64 /* ButtonFactory.swift */ = {isa = PBXFileReference; lastKnownFileType = sourcecode.swift; path = ButtonFactory.swift; sourceTree = "<group>"; };
		E1D1DC1B2BD06FE30009C2A3 /* StorageService.swift */ = {isa = PBXFileReference; lastKnownFileType = sourcecode.swift; path = StorageService.swift; sourceTree = "<group>"; };
		E1D1DC202BD0710F0009C2A3 /* CartsViewController + UITableView.swift */ = {isa = PBXFileReference; fileEncoding = 4; lastKnownFileType = sourcecode.swift; path = "CartsViewController + UITableView.swift"; sourceTree = "<group>"; };
		E1D1DC242BD071290009C2A3 /* CartsTableViewCell.swift */ = {isa = PBXFileReference; fileEncoding = 4; lastKnownFileType = sourcecode.swift; path = CartsTableViewCell.swift; sourceTree = "<group>"; };
		E1D1DC2E2BD071B30009C2A3 /* WishListViewController.swift */ = {isa = PBXFileReference; fileEncoding = 4; lastKnownFileType = sourcecode.swift; path = WishListViewController.swift; sourceTree = "<group>"; };
		E1D1DC302BD071BA0009C2A3 /* WishListViewModel.swift */ = {isa = PBXFileReference; fileEncoding = 4; lastKnownFileType = sourcecode.swift; path = WishListViewModel.swift; sourceTree = "<group>"; };
		E1D1DC352BD102E90009C2A3 /* UIView + Extension.swift */ = {isa = PBXFileReference; lastKnownFileType = sourcecode.swift; path = "UIView + Extension.swift"; sourceTree = "<group>"; };
		E1D1DC372BD1132E0009C2A3 /* NavBarController.swift */ = {isa = PBXFileReference; lastKnownFileType = sourcecode.swift; path = NavBarController.swift; sourceTree = "<group>"; };
		E1D1DC392BD24FC10009C2A3 /* CartButton.swift */ = {isa = PBXFileReference; lastKnownFileType = sourcecode.swift; path = CartButton.swift; sourceTree = "<group>"; };
		E1D1DC3C2BD2730B0009C2A3 /* WishListViewControllet + UICollectionView.swift */ = {isa = PBXFileReference; lastKnownFileType = sourcecode.swift; path = "WishListViewControllet + UICollectionView.swift"; sourceTree = "<group>"; };
		E1D1DC3E2BD273CA0009C2A3 /* WishListCollectionCell.swift */ = {isa = PBXFileReference; lastKnownFileType = sourcecode.swift; path = WishListCollectionCell.swift; sourceTree = "<group>"; };
		E1D1DC412BD27AAB0009C2A3 /* Categories.swift */ = {isa = PBXFileReference; lastKnownFileType = sourcecode.swift; path = Categories.swift; sourceTree = "<group>"; };
		E1F1B21E2BCC1852001DC54D /* OnlineStoreTheOne.app */ = {isa = PBXFileReference; explicitFileType = wrapper.application; includeInIndex = 0; path = OnlineStoreTheOne.app; sourceTree = BUILT_PRODUCTS_DIR; };
		E1F1B2212BCC1852001DC54D /* AppDelegate.swift */ = {isa = PBXFileReference; lastKnownFileType = sourcecode.swift; path = AppDelegate.swift; sourceTree = "<group>"; };
		E1F1B2232BCC1852001DC54D /* SceneDelegate.swift */ = {isa = PBXFileReference; lastKnownFileType = sourcecode.swift; path = SceneDelegate.swift; sourceTree = "<group>"; };
		E1F1B22A2BCC1853001DC54D /* Assets.xcassets */ = {isa = PBXFileReference; lastKnownFileType = folder.assetcatalog; path = Assets.xcassets; sourceTree = "<group>"; };
		E1F1B22D2BCC1853001DC54D /* Base */ = {isa = PBXFileReference; lastKnownFileType = file.storyboard; name = Base; path = Base.lproj/LaunchScreen.storyboard; sourceTree = "<group>"; };
		E1F1B22F2BCC1853001DC54D /* Info.plist */ = {isa = PBXFileReference; lastKnownFileType = text.plist.xml; path = Info.plist; sourceTree = "<group>"; };
		E1F1B23D2BCC2992001DC54D /* UIFont + Extension.swift */ = {isa = PBXFileReference; lastKnownFileType = sourcecode.swift; path = "UIFont + Extension.swift"; sourceTree = "<group>"; };
		E1F1B23F2BCC2E18001DC54D /* Color + Extension.swift */ = {isa = PBXFileReference; lastKnownFileType = sourcecode.swift; path = "Color + Extension.swift"; sourceTree = "<group>"; };
		E1F1B2432BCC36E1001DC54D /* Inter-Thin.ttf */ = {isa = PBXFileReference; lastKnownFileType = file; name = "Inter-Thin.ttf"; path = "static/Inter-Thin.ttf"; sourceTree = "<group>"; };
		E1F1B2442BCC36E1001DC54D /* Inter-ExtraLight.ttf */ = {isa = PBXFileReference; lastKnownFileType = file; name = "Inter-ExtraLight.ttf"; path = "static/Inter-ExtraLight.ttf"; sourceTree = "<group>"; };
		E1F1B2452BCC36E1001DC54D /* Inter-Regular.ttf */ = {isa = PBXFileReference; lastKnownFileType = file; name = "Inter-Regular.ttf"; path = "static/Inter-Regular.ttf"; sourceTree = "<group>"; };
		E1F1B2462BCC36E1001DC54D /* Inter-Black.ttf */ = {isa = PBXFileReference; lastKnownFileType = file; name = "Inter-Black.ttf"; path = "static/Inter-Black.ttf"; sourceTree = "<group>"; };
		E1F1B2472BCC36E1001DC54D /* Inter-Light.ttf */ = {isa = PBXFileReference; lastKnownFileType = file; name = "Inter-Light.ttf"; path = "static/Inter-Light.ttf"; sourceTree = "<group>"; };
		E1F1B2482BCC36E2001DC54D /* Inter-Bold.ttf */ = {isa = PBXFileReference; lastKnownFileType = file; name = "Inter-Bold.ttf"; path = "static/Inter-Bold.ttf"; sourceTree = "<group>"; };
		E1F1B2492BCC36E2001DC54D /* Inter-Medium.ttf */ = {isa = PBXFileReference; lastKnownFileType = file; name = "Inter-Medium.ttf"; path = "static/Inter-Medium.ttf"; sourceTree = "<group>"; };
		E1F1B24A2BCC36E2001DC54D /* Inter-ExtraBold.ttf */ = {isa = PBXFileReference; lastKnownFileType = file; name = "Inter-ExtraBold.ttf"; path = "static/Inter-ExtraBold.ttf"; sourceTree = "<group>"; };
		E1F1B24B2BCC36E2001DC54D /* Inter-SemiBold.ttf */ = {isa = PBXFileReference; lastKnownFileType = file; name = "Inter-SemiBold.ttf"; path = "static/Inter-SemiBold.ttf"; sourceTree = "<group>"; };
		E1F1B2592BCC4FE2001DC54D /* CartsViewController.swift */ = {isa = PBXFileReference; lastKnownFileType = sourcecode.swift; path = CartsViewController.swift; sourceTree = "<group>"; };
		E1F1B25C2BCC5042001DC54D /* CartsViewModel.swift */ = {isa = PBXFileReference; lastKnownFileType = sourcecode.swift; path = CartsViewModel.swift; sourceTree = "<group>"; };
		E1F1B2622BCC50D5001DC54D /* Observable.swift */ = {isa = PBXFileReference; lastKnownFileType = sourcecode.swift; path = Observable.swift; sourceTree = "<group>"; };
		E1F1B26A2BCC6B60001DC54D /* TabBarController.swift */ = {isa = PBXFileReference; lastKnownFileType = sourcecode.swift; path = TabBarController.swift; sourceTree = "<group>"; };
/* End PBXFileReference section */

/* Begin PBXFrameworksBuildPhase section */
		E1F1B21B2BCC1852001DC54D /* Frameworks */ = {
			isa = PBXFrameworksBuildPhase;
			buildActionMask = 2147483647;
			files = (
				E13B33FC2BD2A097007B17FC /* Kingfisher in Frameworks */,
				E1F1B2662BCC5122001DC54D /* SnapKit in Frameworks */,
				E16BB6722BD461C1009991F3 /* Realm in Frameworks */,
				E16BB6742BD461C1009991F3 /* RealmSwift in Frameworks */,
				E1F1B2682BCC5122001DC54D /* SnapKit-Dynamic in Frameworks */,
			);
			runOnlyForDeploymentPostprocessing = 0;
		};
/* End PBXFrameworksBuildPhase section */

/* Begin PBXGroup section */
		53D6CAC32BCF1383006716BE /* Profile */ = {
			isa = PBXGroup;
			children = (
				E16BB6652BD30CA4009991F3 /* View */,
				E16BB66A2BD30D22009991F3 /* ViewModel */,
			);
			path = Profile;
			sourceTree = "<group>";
		};
		86490FF22BCE9B3F00FCF45C /* Onboarding */ = {
			isa = PBXGroup;
			children = (
				86490FF32BCE9B5300FCF45C /* OnboardingViewController.swift */,
			);
			path = Onboarding;
			sourceTree = "<group>";
		};
		86490FF82BD13BF800FCF45C /* Manager */ = {
			isa = PBXGroup;
			children = (
				86490FF92BD13C1600FCF45C /* ManagerViewController.swift */,
			);
			path = Manager;
			sourceTree = "<group>";
		};
		86C474FC2BD5076C0070E3D8 /* Details */ = {
			isa = PBXGroup;
			children = (
				86C4750F2BD5B4990070E3D8 /* ViewModel */,
				86C474FF2BD509DE0070E3D8 /* Views */,
				86C474FD2BD507820070E3D8 /* DetailsViewController.swift */,
			);
			path = Details;
			sourceTree = "<group>";
		};
		86C474FF2BD509DE0070E3D8 /* Views */ = {
			isa = PBXGroup;
			children = (
				86C475092BD52E990070E3D8 /* ProductListView */,
				86C475002BD509E50070E3D8 /* PhotoCollectionView */,
			);
			path = Views;
			sourceTree = "<group>";
		};
		86C475002BD509E50070E3D8 /* PhotoCollectionView */ = {
			isa = PBXGroup;
			children = (
				E16BB6972BD654B6009991F3 /* PhotoCell.swift */,
				86C475032BD50CF10070E3D8 /* PhotoCollectionView.swift */,
			);
			path = PhotoCollectionView;
			sourceTree = "<group>";
		};
		86C475092BD52E990070E3D8 /* ProductListView */ = {
			isa = PBXGroup;
			children = (
				86C4750A2BD52EDD0070E3D8 /* ProductListView.swift */,
			);
			path = ProductListView;
			sourceTree = "<group>";
		};
		86C4750F2BD5B4990070E3D8 /* ViewModel */ = {
			isa = PBXGroup;
			children = (
				86C475102BD5B4B40070E3D8 /* DetailsProductViewModel.swift */,
			);
			path = ViewModel;
			sourceTree = "<group>";
		};
		BEBA5DAC2BD0621900737686 /* Home */ = {
			isa = PBXGroup;
			children = (
				BEBA5DAF2BD0621900737686 /* Model */,
				BEBA5DBA2BD0621900737686 /* View */,
				BEBA5DAD2BD0621900737686 /* ViewModel */,
			);
			path = Home;
			sourceTree = "<group>";
		};
		BEBA5DAD2BD0621900737686 /* ViewModel */ = {
			isa = PBXGroup;
			children = (
				E16BB67F2BD501EC009991F3 /* MainViewModel.swift */,
			);
			path = ViewModel;
			sourceTree = "<group>";
		};
		BEBA5DAF2BD0621900737686 /* Model */ = {
			isa = PBXGroup;
			children = (
				BEBA5DB02BD0621900737686 /* Compositional Layout */,
			);
			path = Model;
			sourceTree = "<group>";
		};
		BEBA5DB02BD0621900737686 /* Compositional Layout */ = {
			isa = PBXGroup;
			children = (
				BEBA5DB12BD0621900737686 /* ListItem.swift */,
				BEBA5DB32BD0621900737686 /* ListSection.swift */,
				BEBA5DB22BD0621900737686 /* MockData.swift */,
			);
			path = "Compositional Layout";
			sourceTree = "<group>";
		};
		BEBA5DB42BD0621900737686 /* Cell */ = {
			isa = PBXGroup;
			children = (
				BEBA5DB72BD0621900737686 /* HeaderNavBarMenuView.swift */,
				BEBA5DB82BD0621900737686 /* SearchFieldCollectionViewCell.swift */,
				BEBA5DB62BD0621900737686 /* CategoryCollectionViewCell.swift */,
				BEBA5DB52BD0621900737686 /* HeaderProductsView.swift */,
				BEBA5DB92BD0621900737686 /* ProductCollectionViewCell.swift */,
			);
			path = Cell;
			sourceTree = "<group>";
		};
		BEBA5DBA2BD0621900737686 /* View */ = {
			isa = PBXGroup;
			children = (
				BEBA5DB42BD0621900737686 /* Cell */,
				BEBA5DBB2BD0621900737686 /* HomeViewController.swift */,
			);
			path = View;
			sourceTree = "<group>";
		};
		BEBA5DC62BD10AB200737686 /* SearchResult */ = {
			isa = PBXGroup;
			children = (
				BEBA5DC72BD10AE200737686 /* Model */,
				BEBA5DC82BD10AEB00737686 /* View */,
				BEBA5DC92BD10B0900737686 /* ViewModel */,
			);
			path = SearchResult;
			sourceTree = "<group>";
		};
		BEBA5DC72BD10AE200737686 /* Model */ = {
			isa = PBXGroup;
			children = (
			);
			path = Model;
			sourceTree = "<group>";
		};
		BEBA5DC82BD10AEB00737686 /* View */ = {
			isa = PBXGroup;
			children = (
				BEBA5DCA2BD10E6C00737686 /* SearchResultViewController.swift */,
			);
			path = View;
			sourceTree = "<group>";
		};
		BEBA5DC92BD10B0900737686 /* ViewModel */ = {
			isa = PBXGroup;
			children = (
			);
			path = ViewModel;
			sourceTree = "<group>";
		};
		E16BB6652BD30CA4009991F3 /* View */ = {
			isa = PBXGroup;
			children = (
				E16BB6682BD30D1D009991F3 /* ProfileViewController.swift */,
				E16BB66B2BD30D3B009991F3 /* SubViews */,
			);
			path = View;
			sourceTree = "<group>";
		};
		E16BB66A2BD30D22009991F3 /* ViewModel */ = {
			isa = PBXGroup;
			children = (
				E16BB6662BD30CEC009991F3 /* ProfileViewModel.swift */,
			);
			path = ViewModel;
			sourceTree = "<group>";
		};
		E16BB66B2BD30D3B009991F3 /* SubViews */ = {
			isa = PBXGroup;
			children = (
				53369BB72BD055AF00699323 /* TermsConditionalsScreen.swift */,
				531121E62BD1A99A0018FA37 /* TypeOfAccountViewController.swift */,
				531121EA2BD2CF9D0018FA37 /* EditImageScreen.swift */,
			);
			path = SubViews;
			sourceTree = "<group>";
		};
		E16BB6772BD463F9009991F3 /* Model */ = {
			isa = PBXGroup;
			children = (
				E16BB6752BD46389009991F3 /* WishListModel.swift */,
			);
			path = Model;
			sourceTree = "<group>";
		};
		E16BB67A2BD4DEFD009991F3 /* Model */ = {
			isa = PBXGroup;
			children = (
				E16BB6782BD4DEF6009991F3 /* CartsModel.swift */,
			);
			path = Model;
			sourceTree = "<group>";
		};
		E16BB67B2BD4FB6B009991F3 /* RealmService */ = {
			isa = PBXGroup;
			children = (
				E16BB6872BD5B589009991F3 /* Model */,
				E16BB66E2BD4616E009991F3 /* RealmStorageService.swift */,
				E16BB67C2BD4FB97009991F3 /* RealmStorageService + Extension.swift */,
				E16BB6832BD5ABCA009991F3 /* StorageError.swift */,
			);
			path = RealmService;
			sourceTree = "<group>";
		};
		E16BB67E2BD501D8009991F3 /* Recovered References */ = {
			isa = PBXGroup;
			children = (
				BEBA5DAE2BD0621900737686 /* MainViewModel.swift */,
			);
			name = "Recovered References";
			sourceTree = "<group>";
		};
		E16BB6872BD5B589009991F3 /* Model */ = {
			isa = PBXGroup;
			children = (
				E16BB6852BD5B3DA009991F3 /* RealmModelProtocol.swift */,
			);
			path = Model;
			sourceTree = "<group>";
		};
		E1A2E8302BCCFB4300CC0D64 /* Services */ = {
			isa = PBXGroup;
			children = (
				E1A2E8312BCCFB6B00CC0D64 /* NetworkServices */,
				E1D1DC1D2BD06FEA0009C2A3 /* StorageServices */,
			);
			path = Services;
			sourceTree = "<group>";
		};
		E1A2E8312BCCFB6B00CC0D64 /* NetworkServices */ = {
			isa = PBXGroup;
			children = (
				E1A2E83B2BCD10D000CC0D64 /* Models */,
				E1A2E8382BCD01A100CC0D64 /* Endpoint */,
				E1A2E83C2BCD208E00CC0D64 /* Extension */,
				E1A2E82E2BCCFB3F00CC0D64 /* NetworkService.swift */,
				E1A2E8342BCCFF0B00CC0D64 /* NetworkError.swift */,
			);
			path = NetworkServices;
			sourceTree = "<group>";
		};
		E1A2E8382BCD01A100CC0D64 /* Endpoint */ = {
			isa = PBXGroup;
			children = (
				E1A2E8322BCCFEE200CC0D64 /* Endpoint.swift */,
				E1A2E8362BCD019A00CC0D64 /* Endpoint + Extension.swift */,
			);
			path = Endpoint;
			sourceTree = "<group>";
		};
		E1A2E83B2BCD10D000CC0D64 /* Models */ = {
			isa = PBXGroup;
			children = (
				E1A2E8392BCD109600CC0D64 /* ProductsModel.swift */,
				E1D1DC412BD27AAB0009C2A3 /* Categories.swift */,
			);
			path = Models;
			sourceTree = "<group>";
		};
		E1A2E83C2BCD208E00CC0D64 /* Extension */ = {
			isa = PBXGroup;
			children = (
				E1A2E83D2BCD20AA00CC0D64 /* Result + Extension.swift */,
				E1A2E83F2BCD216B00CC0D64 /* Sequwnces + Extension.swift */,
			);
			path = Extension;
			sourceTree = "<group>";
		};
		E1A2E8492BCDB90D00CC0D64 /* Helpers */ = {
			isa = PBXGroup;
			children = (
				E1D1DC3B2BD2624B0009C2A3 /* Buttons */,
				E1D1DC372BD1132E0009C2A3 /* NavBarController.swift */,
				531121ED2BD2E5240018FA37 /* LabelFactory.swift */,
			);
			path = Helpers;
			sourceTree = "<group>";
		};
		E1D1DC1D2BD06FEA0009C2A3 /* StorageServices */ = {
			isa = PBXGroup;
			children = (
				E16BB67B2BD4FB6B009991F3 /* RealmService */,
				E1D1DC1B2BD06FE30009C2A3 /* StorageService.swift */,
			);
			path = StorageServices;
			sourceTree = "<group>";
		};
		E1D1DC262BD0713F0009C2A3 /* Cell */ = {
			isa = PBXGroup;
			children = (
				E1D1DC242BD071290009C2A3 /* CartsTableViewCell.swift */,
			);
			path = Cell;
			sourceTree = "<group>";
		};
		E1D1DC322BD071D40009C2A3 /* WishList */ = {
			isa = PBXGroup;
			children = (
				E16BB6772BD463F9009991F3 /* Model */,
				E1D1DC342BD0721D0009C2A3 /* View */,
				E1D1DC332BD071FB0009C2A3 /* ViewModel */,
			);
			path = WishList;
			sourceTree = "<group>";
		};
		E1D1DC332BD071FB0009C2A3 /* ViewModel */ = {
			isa = PBXGroup;
			children = (
				E1D1DC302BD071BA0009C2A3 /* WishListViewModel.swift */,
			);
			path = ViewModel;
			sourceTree = "<group>";
		};
		E1D1DC342BD0721D0009C2A3 /* View */ = {
			isa = PBXGroup;
			children = (
				E1D1DC2E2BD071B30009C2A3 /* WishListViewController.swift */,
				E1D1DC3C2BD2730B0009C2A3 /* WishListViewControllet + UICollectionView.swift */,
				E1D1DC402BD273CF0009C2A3 /* Cells */,
			);
			path = View;
			sourceTree = "<group>";
		};
		E1D1DC3B2BD2624B0009C2A3 /* Buttons */ = {
			isa = PBXGroup;
			children = (
				531121EC2BD2E5240018FA37 /* ButtonWithLabelFactory.swift */,
				E1A2E84A2BCDB92A00CC0D64 /* ButtonFactory.swift */,
				E1D1DC392BD24FC10009C2A3 /* CartButton.swift */,
			);
			path = Buttons;
			sourceTree = "<group>";
		};
		E1D1DC402BD273CF0009C2A3 /* Cells */ = {
			isa = PBXGroup;
			children = (
				E1D1DC3E2BD273CA0009C2A3 /* WishListCollectionCell.swift */,
			);
			path = Cells;
			sourceTree = "<group>";
		};
		E1F1B2152BCC1852001DC54D = {
			isa = PBXGroup;
			children = (
				E1F1B2202BCC1852001DC54D /* OnlineStoreTheOne */,
				E1F1B21F2BCC1852001DC54D /* Products */,
				E16BB67E2BD501D8009991F3 /* Recovered References */,
			);
			sourceTree = "<group>";
		};
		E1F1B21F2BCC1852001DC54D /* Products */ = {
			isa = PBXGroup;
			children = (
				E1F1B21E2BCC1852001DC54D /* OnlineStoreTheOne.app */,
			);
			name = Products;
			sourceTree = "<group>";
		};
		E1F1B2202BCC1852001DC54D /* OnlineStoreTheOne */ = {
			isa = PBXGroup;
			children = (
				E1F1B2392BCC24E7001DC54D /* Apps */,
				E1F1B23A2BCC2629001DC54D /* Screens */,
				E1A2E8302BCCFB4300CC0D64 /* Services */,
				E1F1B23B2BCC2634001DC54D /* Resources */,
			);
			path = OnlineStoreTheOne;
			sourceTree = "<group>";
		};
		E1F1B2392BCC24E7001DC54D /* Apps */ = {
			isa = PBXGroup;
			children = (
				E1F1B2212BCC1852001DC54D /* AppDelegate.swift */,
				E1F1B2232BCC1852001DC54D /* SceneDelegate.swift */,
				E1F1B2622BCC50D5001DC54D /* Observable.swift */,
				E1F1B22F2BCC1853001DC54D /* Info.plist */,
			);
			path = Apps;
			sourceTree = "<group>";
		};
		E1F1B23A2BCC2629001DC54D /* Screens */ = {
			isa = PBXGroup;
			children = (
				86490FF22BCE9B3F00FCF45C /* Onboarding */,
				E1F1B2692BCC6B4B001DC54D /* TabBar */,
				BEBA5DAC2BD0621900737686 /* Home */,
				BEBA5DC62BD10AB200737686 /* SearchResult */,
				86C474FC2BD5076C0070E3D8 /* Details */,
				E1D1DC322BD071D40009C2A3 /* WishList */,
				86490FF82BD13BF800FCF45C /* Manager */,
				E1F1B2582BCC4FCA001DC54D /* Carts */,
				53D6CAC32BCF1383006716BE /* Profile */,
			);
			path = Screens;
			sourceTree = "<group>";
		};
		E1F1B23B2BCC2634001DC54D /* Resources */ = {
			isa = PBXGroup;
			children = (
				E1A2E8492BCDB90D00CC0D64 /* Helpers */,
				E1F1B23C2BCC2934001DC54D /* Extensions */,
				E1F1B2412BCC32B9001DC54D /* Fonts */,
				E1F1B22A2BCC1853001DC54D /* Assets.xcassets */,
				E1F1B22C2BCC1853001DC54D /* LaunchScreen.storyboard */,
			);
			path = Resources;
			sourceTree = "<group>";
		};
		E1F1B23C2BCC2934001DC54D /* Extensions */ = {
			isa = PBXGroup;
			children = (
				E1F1B2422BCC335C001DC54D /* DesignSystem */,
				E16BB6812BD50C8F009991F3 /* AlertController + Extension.swift */,
				E1D1DC352BD102E90009C2A3 /* UIView + Extension.swift */,
				86C475052BD50D8B0070E3D8 /* UICollectionView+Extension.swift */,
				86C475072BD50DB20070E3D8 /* IdentifiableCell.swift */,
				E18A56042BD789BB00E34777 /* NavigationController + Extension.swift */,
			);
			path = Extensions;
			sourceTree = "<group>";
		};
		E1F1B2412BCC32B9001DC54D /* Fonts */ = {
			isa = PBXGroup;
			children = (
				E1F1B2462BCC36E1001DC54D /* Inter-Black.ttf */,
				E1F1B2482BCC36E2001DC54D /* Inter-Bold.ttf */,
				E1F1B24A2BCC36E2001DC54D /* Inter-ExtraBold.ttf */,
				E1F1B2442BCC36E1001DC54D /* Inter-ExtraLight.ttf */,
				E1F1B2472BCC36E1001DC54D /* Inter-Light.ttf */,
				E1F1B2492BCC36E2001DC54D /* Inter-Medium.ttf */,
				E1F1B2452BCC36E1001DC54D /* Inter-Regular.ttf */,
				E1F1B24B2BCC36E2001DC54D /* Inter-SemiBold.ttf */,
				E1F1B2432BCC36E1001DC54D /* Inter-Thin.ttf */,
			);
			path = Fonts;
			sourceTree = "<group>";
		};
		E1F1B2422BCC335C001DC54D /* DesignSystem */ = {
			isa = PBXGroup;
			children = (
				E1F1B23D2BCC2992001DC54D /* UIFont + Extension.swift */,
				E1F1B23F2BCC2E18001DC54D /* Color + Extension.swift */,
			);
			path = DesignSystem;
			sourceTree = "<group>";
		};
		E1F1B2582BCC4FCA001DC54D /* Carts */ = {
			isa = PBXGroup;
			children = (
				E16BB67A2BD4DEFD009991F3 /* Model */,
				E1F1B25B2BCC500F001DC54D /* View */,
				E1F1B25E2BCC5047001DC54D /* ViewModel */,
			);
			path = Carts;
			sourceTree = "<group>";
		};
		E1F1B25B2BCC500F001DC54D /* View */ = {
			isa = PBXGroup;
			children = (
				E1F1B2592BCC4FE2001DC54D /* CartsViewController.swift */,
				E1D1DC202BD0710F0009C2A3 /* CartsViewController + UITableView.swift */,
				E1D1DC262BD0713F0009C2A3 /* Cell */,
			);
			path = View;
			sourceTree = "<group>";
		};
		E1F1B25E2BCC5047001DC54D /* ViewModel */ = {
			isa = PBXGroup;
			children = (
				E1F1B25C2BCC5042001DC54D /* CartsViewModel.swift */,
			);
			path = ViewModel;
			sourceTree = "<group>";
		};
		E1F1B2692BCC6B4B001DC54D /* TabBar */ = {
			isa = PBXGroup;
			children = (
				E1F1B26A2BCC6B60001DC54D /* TabBarController.swift */,
			);
			path = TabBar;
			sourceTree = "<group>";
		};
/* End PBXGroup section */

/* Begin PBXNativeTarget section */
		E1F1B21D2BCC1852001DC54D /* OnlineStoreTheOne */ = {
			isa = PBXNativeTarget;
			buildConfigurationList = E1F1B2322BCC1853001DC54D /* Build configuration list for PBXNativeTarget "OnlineStoreTheOne" */;
			buildPhases = (
				E1F1B21A2BCC1852001DC54D /* Sources */,
				E1F1B21B2BCC1852001DC54D /* Frameworks */,
				E1F1B21C2BCC1852001DC54D /* Resources */,
			);
			buildRules = (
			);
			dependencies = (
			);
			name = OnlineStoreTheOne;
			packageProductDependencies = (
				E1F1B2652BCC5122001DC54D /* SnapKit */,
				E1F1B2672BCC5122001DC54D /* SnapKit-Dynamic */,
				E13B33FB2BD2A097007B17FC /* Kingfisher */,
				E16BB6712BD461C1009991F3 /* Realm */,
				E16BB6732BD461C1009991F3 /* RealmSwift */,
			);
			productName = OnlineStoreTheOne;
			productReference = E1F1B21E2BCC1852001DC54D /* OnlineStoreTheOne.app */;
			productType = "com.apple.product-type.application";
		};
/* End PBXNativeTarget section */

/* Begin PBXProject section */
		E1F1B2162BCC1852001DC54D /* Project object */ = {
			isa = PBXProject;
			attributes = {
				BuildIndependentTargetsInParallel = 1;
				LastSwiftUpdateCheck = 1530;
				LastUpgradeCheck = 1530;
				TargetAttributes = {
					E1F1B21D2BCC1852001DC54D = {
						CreatedOnToolsVersion = 15.3;
					};
				};
			};
			buildConfigurationList = E1F1B2192BCC1852001DC54D /* Build configuration list for PBXProject "OnlineStoreTheOne" */;
			compatibilityVersion = "Xcode 14.0";
			developmentRegion = en;
			hasScannedForEncodings = 0;
			knownRegions = (
				en,
				Base,
			);
			mainGroup = E1F1B2152BCC1852001DC54D;
			packageReferences = (
				E1F1B2642BCC5122001DC54D /* XCRemoteSwiftPackageReference "SnapKit" */,
				E13B33FA2BD2A097007B17FC /* XCRemoteSwiftPackageReference "Kingfisher" */,
				E16BB6702BD461C0009991F3 /* XCRemoteSwiftPackageReference "realm-swift" */,
			);
			productRefGroup = E1F1B21F2BCC1852001DC54D /* Products */;
			projectDirPath = "";
			projectRoot = "";
			targets = (
				E1F1B21D2BCC1852001DC54D /* OnlineStoreTheOne */,
			);
		};
/* End PBXProject section */

/* Begin PBXResourcesBuildPhase section */
		E1F1B21C2BCC1852001DC54D /* Resources */ = {
			isa = PBXResourcesBuildPhase;
			buildActionMask = 2147483647;
			files = (
				E1F1B22B2BCC1853001DC54D /* Assets.xcassets in Resources */,
				E1F1B24F2BCC36E2001DC54D /* Inter-Black.ttf in Resources */,
				E1F1B2512BCC36E2001DC54D /* Inter-Bold.ttf in Resources */,
				E1F1B2542BCC36E2001DC54D /* Inter-SemiBold.ttf in Resources */,
				E1F1B24E2BCC36E2001DC54D /* Inter-Regular.ttf in Resources */,
				E1F1B22E2BCC1853001DC54D /* Base in Resources */,
				E1F1B2532BCC36E2001DC54D /* Inter-ExtraBold.ttf in Resources */,
				E1F1B24C2BCC36E2001DC54D /* Inter-Thin.ttf in Resources */,
				E1F1B24D2BCC36E2001DC54D /* Inter-ExtraLight.ttf in Resources */,
				E1F1B2502BCC36E2001DC54D /* Inter-Light.ttf in Resources */,
				E1F1B2522BCC36E2001DC54D /* Inter-Medium.ttf in Resources */,
			);
			runOnlyForDeploymentPostprocessing = 0;
		};
/* End PBXResourcesBuildPhase section */

/* Begin PBXSourcesBuildPhase section */
		E1F1B21A2BCC1852001DC54D /* Sources */ = {
			isa = PBXSourcesBuildPhase;
			buildActionMask = 2147483647;
			files = (
				E16BB6992BD65592009991F3 /* UICollectionView+Extension.swift in Sources */,
				E16BB69A2BD65592009991F3 /* IdentifiableCell.swift in Sources */,
				E16BB6962BD65218009991F3 /* PhotoCollectionView.swift in Sources */,
				E16BB6952BD65203009991F3 /* DetailsProductViewModel.swift in Sources */,
				531121F02BD2E5EE0018FA37 /* TermsConditionalsScreen.swift in Sources */,
				E16BB67D2BD4FB97009991F3 /* RealmStorageService + Extension.swift in Sources */,
				531121F12BD2E5EE0018FA37 /* TypeOfAccountViewController.swift in Sources */,
				531121F22BD2E5EE0018FA37 /* EditImageScreen.swift in Sources */,
				E1A2E84B2BCDB92A00CC0D64 /* ButtonFactory.swift in Sources */,
				E16BB6842BD5ABCA009991F3 /* StorageError.swift in Sources */,
				BEBA5DC12BD0621900737686 /* CategoryCollectionViewCell.swift in Sources */,
				86C4750B2BD52EDD0070E3D8 /* ProductListView.swift in Sources */,
				BEBA5DC42BD0621900737686 /* ProductCollectionViewCell.swift in Sources */,
				E1D1DC382BD1132E0009C2A3 /* NavBarController.swift in Sources */,
				E1A2E8372BCD019A00CC0D64 /* Endpoint + Extension.swift in Sources */,
				E1D1DC3A2BD24FC10009C2A3 /* CartButton.swift in Sources */,
				E1A2E83A2BCD109600CC0D64 /* ProductsModel.swift in Sources */,
				E16BB6982BD654B6009991F3 /* PhotoCell.swift in Sources */,
				86C474FE2BD507820070E3D8 /* DetailsViewController.swift in Sources */,
				E1D1DC252BD071290009C2A3 /* CartsTableViewCell.swift in Sources */,
				BEBA5DC22BD0621900737686 /* HeaderNavBarMenuView.swift in Sources */,
				BEBA5DC02BD0621900737686 /* HeaderProductsView.swift in Sources */,
				E1D1DC362BD102E90009C2A3 /* UIView + Extension.swift in Sources */,
				E1A2E82F2BCCFB3F00CC0D64 /* NetworkService.swift in Sources */,
				E16BB6822BD50C8F009991F3 /* AlertController + Extension.swift in Sources */,
				86490FF42BCE9B5300FCF45C /* OnboardingViewController.swift in Sources */,
				E1F1B23E2BCC2992001DC54D /* UIFont + Extension.swift in Sources */,
				E1F1B25D2BCC5042001DC54D /* CartsViewModel.swift in Sources */,
				E16BB6762BD46389009991F3 /* WishListModel.swift in Sources */,
				E1D1DC312BD071BA0009C2A3 /* WishListViewModel.swift in Sources */,
				E1D1DC2F2BD071B30009C2A3 /* WishListViewController.swift in Sources */,
				BEBA5DBF2BD0621900737686 /* ListSection.swift in Sources */,
				BEBA5DBE2BD0621900737686 /* MockData.swift in Sources */,
				E16BB6672BD30CEC009991F3 /* ProfileViewModel.swift in Sources */,
				E1F1B2632BCC50D5001DC54D /* Observable.swift in Sources */,
				E1F1B25A2BCC4FE2001DC54D /* CartsViewController.swift in Sources */,
				86490FFA2BD13C1600FCF45C /* ManagerViewController.swift in Sources */,
				E1D1DC212BD0710F0009C2A3 /* CartsViewController + UITableView.swift in Sources */,
				E16BB6862BD5B3DA009991F3 /* RealmModelProtocol.swift in Sources */,
				E1D1DC3D2BD2730B0009C2A3 /* WishListViewControllet + UICollectionView.swift in Sources */,
				E1F1B2222BCC1852001DC54D /* AppDelegate.swift in Sources */,
				E16BB6802BD501EC009991F3 /* MainViewModel.swift in Sources */,
				E1D1DC1C2BD06FE30009C2A3 /* StorageService.swift in Sources */,
				E1A2E83E2BCD20AA00CC0D64 /* Result + Extension.swift in Sources */,
				BEBA5DC52BD0621900737686 /* HomeViewController.swift in Sources */,
				BEBA5DC32BD0621900737686 /* SearchFieldCollectionViewCell.swift in Sources */,
				531121EE2BD2E5240018FA37 /* ButtonWithLabelFactory.swift in Sources */,
				E1F1B2242BCC1852001DC54D /* SceneDelegate.swift in Sources */,
				E1F1B2402BCC2E18001DC54D /* Color + Extension.swift in Sources */,
				BEBA5DBD2BD0621900737686 /* ListItem.swift in Sources */,
				E1D1DC3F2BD273CA0009C2A3 /* WishListCollectionCell.swift in Sources */,
				E16BB6692BD30D1D009991F3 /* ProfileViewController.swift in Sources */,
				531121EF2BD2E5240018FA37 /* LabelFactory.swift in Sources */,
				E1A2E8402BCD216B00CC0D64 /* Sequwnces + Extension.swift in Sources */,
				BEBA5DCB2BD10E6C00737686 /* SearchResultViewController.swift in Sources */,
				E18A56052BD789BB00E34777 /* NavigationController + Extension.swift in Sources */,
				E16BB66F2BD4616E009991F3 /* RealmStorageService.swift in Sources */,
				E1A2E8352BCCFF0B00CC0D64 /* NetworkError.swift in Sources */,
				E1A2E8332BCCFEE200CC0D64 /* Endpoint.swift in Sources */,
				E1F1B26B2BCC6B60001DC54D /* TabBarController.swift in Sources */,
				E1D1DC422BD27AAB0009C2A3 /* Categories.swift in Sources */,
				E16BB6792BD4DEF6009991F3 /* CartsModel.swift in Sources */,
			);
			runOnlyForDeploymentPostprocessing = 0;
		};
/* End PBXSourcesBuildPhase section */

/* Begin PBXVariantGroup section */
		E1F1B22C2BCC1853001DC54D /* LaunchScreen.storyboard */ = {
			isa = PBXVariantGroup;
			children = (
				E1F1B22D2BCC1853001DC54D /* Base */,
			);
			name = LaunchScreen.storyboard;
			sourceTree = "<group>";
		};
/* End PBXVariantGroup section */

/* Begin XCBuildConfiguration section */
		E1F1B2302BCC1853001DC54D /* Debug */ = {
			isa = XCBuildConfiguration;
			buildSettings = {
				ALWAYS_SEARCH_USER_PATHS = NO;
				ASSETCATALOG_COMPILER_GENERATE_SWIFT_ASSET_SYMBOL_EXTENSIONS = YES;
				CLANG_ANALYZER_NONNULL = YES;
				CLANG_ANALYZER_NUMBER_OBJECT_CONVERSION = YES_AGGRESSIVE;
				CLANG_CXX_LANGUAGE_STANDARD = "gnu++20";
				CLANG_ENABLE_MODULES = YES;
				CLANG_ENABLE_OBJC_ARC = YES;
				CLANG_ENABLE_OBJC_WEAK = YES;
				CLANG_WARN_BLOCK_CAPTURE_AUTORELEASING = YES;
				CLANG_WARN_BOOL_CONVERSION = YES;
				CLANG_WARN_COMMA = YES;
				CLANG_WARN_CONSTANT_CONVERSION = YES;
				CLANG_WARN_DEPRECATED_OBJC_IMPLEMENTATIONS = YES;
				CLANG_WARN_DIRECT_OBJC_ISA_USAGE = YES_ERROR;
				CLANG_WARN_DOCUMENTATION_COMMENTS = YES;
				CLANG_WARN_EMPTY_BODY = YES;
				CLANG_WARN_ENUM_CONVERSION = YES;
				CLANG_WARN_INFINITE_RECURSION = YES;
				CLANG_WARN_INT_CONVERSION = YES;
				CLANG_WARN_NON_LITERAL_NULL_CONVERSION = YES;
				CLANG_WARN_OBJC_IMPLICIT_RETAIN_SELF = YES;
				CLANG_WARN_OBJC_LITERAL_CONVERSION = YES;
				CLANG_WARN_OBJC_ROOT_CLASS = YES_ERROR;
				CLANG_WARN_QUOTED_INCLUDE_IN_FRAMEWORK_HEADER = YES;
				CLANG_WARN_RANGE_LOOP_ANALYSIS = YES;
				CLANG_WARN_STRICT_PROTOTYPES = YES;
				CLANG_WARN_SUSPICIOUS_MOVE = YES;
				CLANG_WARN_UNGUARDED_AVAILABILITY = YES_AGGRESSIVE;
				CLANG_WARN_UNREACHABLE_CODE = YES;
				CLANG_WARN__DUPLICATE_METHOD_MATCH = YES;
				COPY_PHASE_STRIP = NO;
				DEBUG_INFORMATION_FORMAT = dwarf;
				ENABLE_STRICT_OBJC_MSGSEND = YES;
				ENABLE_TESTABILITY = YES;
				ENABLE_USER_SCRIPT_SANDBOXING = YES;
				GCC_C_LANGUAGE_STANDARD = gnu17;
				GCC_DYNAMIC_NO_PIC = NO;
				GCC_NO_COMMON_BLOCKS = YES;
				GCC_OPTIMIZATION_LEVEL = 0;
				GCC_PREPROCESSOR_DEFINITIONS = (
					"DEBUG=1",
					"$(inherited)",
				);
				GCC_WARN_64_TO_32_BIT_CONVERSION = YES;
				GCC_WARN_ABOUT_RETURN_TYPE = YES_ERROR;
				GCC_WARN_UNDECLARED_SELECTOR = YES;
				GCC_WARN_UNINITIALIZED_AUTOS = YES_AGGRESSIVE;
				GCC_WARN_UNUSED_FUNCTION = YES;
				GCC_WARN_UNUSED_VARIABLE = YES;
				IPHONEOS_DEPLOYMENT_TARGET = 15.0;
				LOCALIZATION_PREFERS_STRING_CATALOGS = YES;
				MTL_ENABLE_DEBUG_INFO = INCLUDE_SOURCE;
				MTL_FAST_MATH = YES;
				ONLY_ACTIVE_ARCH = YES;
				SDKROOT = iphoneos;
				SWIFT_ACTIVE_COMPILATION_CONDITIONS = "DEBUG $(inherited)";
				SWIFT_OPTIMIZATION_LEVEL = "-Onone";
			};
			name = Debug;
		};
		E1F1B2312BCC1853001DC54D /* Release */ = {
			isa = XCBuildConfiguration;
			buildSettings = {
				ALWAYS_SEARCH_USER_PATHS = NO;
				ASSETCATALOG_COMPILER_GENERATE_SWIFT_ASSET_SYMBOL_EXTENSIONS = YES;
				CLANG_ANALYZER_NONNULL = YES;
				CLANG_ANALYZER_NUMBER_OBJECT_CONVERSION = YES_AGGRESSIVE;
				CLANG_CXX_LANGUAGE_STANDARD = "gnu++20";
				CLANG_ENABLE_MODULES = YES;
				CLANG_ENABLE_OBJC_ARC = YES;
				CLANG_ENABLE_OBJC_WEAK = YES;
				CLANG_WARN_BLOCK_CAPTURE_AUTORELEASING = YES;
				CLANG_WARN_BOOL_CONVERSION = YES;
				CLANG_WARN_COMMA = YES;
				CLANG_WARN_CONSTANT_CONVERSION = YES;
				CLANG_WARN_DEPRECATED_OBJC_IMPLEMENTATIONS = YES;
				CLANG_WARN_DIRECT_OBJC_ISA_USAGE = YES_ERROR;
				CLANG_WARN_DOCUMENTATION_COMMENTS = YES;
				CLANG_WARN_EMPTY_BODY = YES;
				CLANG_WARN_ENUM_CONVERSION = YES;
				CLANG_WARN_INFINITE_RECURSION = YES;
				CLANG_WARN_INT_CONVERSION = YES;
				CLANG_WARN_NON_LITERAL_NULL_CONVERSION = YES;
				CLANG_WARN_OBJC_IMPLICIT_RETAIN_SELF = YES;
				CLANG_WARN_OBJC_LITERAL_CONVERSION = YES;
				CLANG_WARN_OBJC_ROOT_CLASS = YES_ERROR;
				CLANG_WARN_QUOTED_INCLUDE_IN_FRAMEWORK_HEADER = YES;
				CLANG_WARN_RANGE_LOOP_ANALYSIS = YES;
				CLANG_WARN_STRICT_PROTOTYPES = YES;
				CLANG_WARN_SUSPICIOUS_MOVE = YES;
				CLANG_WARN_UNGUARDED_AVAILABILITY = YES_AGGRESSIVE;
				CLANG_WARN_UNREACHABLE_CODE = YES;
				CLANG_WARN__DUPLICATE_METHOD_MATCH = YES;
				COPY_PHASE_STRIP = NO;
				DEBUG_INFORMATION_FORMAT = "dwarf-with-dsym";
				ENABLE_NS_ASSERTIONS = NO;
				ENABLE_STRICT_OBJC_MSGSEND = YES;
				ENABLE_USER_SCRIPT_SANDBOXING = YES;
				GCC_C_LANGUAGE_STANDARD = gnu17;
				GCC_NO_COMMON_BLOCKS = YES;
				GCC_WARN_64_TO_32_BIT_CONVERSION = YES;
				GCC_WARN_ABOUT_RETURN_TYPE = YES_ERROR;
				GCC_WARN_UNDECLARED_SELECTOR = YES;
				GCC_WARN_UNINITIALIZED_AUTOS = YES_AGGRESSIVE;
				GCC_WARN_UNUSED_FUNCTION = YES;
				GCC_WARN_UNUSED_VARIABLE = YES;
				IPHONEOS_DEPLOYMENT_TARGET = 15.0;
				LOCALIZATION_PREFERS_STRING_CATALOGS = YES;
				MTL_ENABLE_DEBUG_INFO = NO;
				MTL_FAST_MATH = YES;
				SDKROOT = iphoneos;
				SWIFT_COMPILATION_MODE = wholemodule;
				VALIDATE_PRODUCT = YES;
			};
			name = Release;
		};
		E1F1B2332BCC1853001DC54D /* Debug */ = {
			isa = XCBuildConfiguration;
			buildSettings = {
				ASSETCATALOG_COMPILER_APPICON_NAME = AppIcon;
				ASSETCATALOG_COMPILER_GLOBAL_ACCENT_COLOR_NAME = AccentColor;
				CODE_SIGN_STYLE = Automatic;
				CURRENT_PROJECT_VERSION = 1;
				DEVELOPMENT_TEAM = KYB528F2CP;
				GENERATE_INFOPLIST_FILE = YES;
				INFOPLIST_FILE = OnlineStoreTheOne/Apps/Info.plist;
				INFOPLIST_KEY_UIApplicationSupportsIndirectInputEvents = YES;
				INFOPLIST_KEY_UILaunchStoryboardName = LaunchScreen;
				INFOPLIST_KEY_UISupportedInterfaceOrientations = UIInterfaceOrientationPortrait;
				INFOPLIST_KEY_UISupportedInterfaceOrientations_iPad = "UIInterfaceOrientationLandscapeLeft UIInterfaceOrientationLandscapeRight UIInterfaceOrientationPortrait UIInterfaceOrientationPortraitUpsideDown";
				IPHONEOS_DEPLOYMENT_TARGET = 15.0;
				LD_RUNPATH_SEARCH_PATHS = (
					"$(inherited)",
					"@executable_path/Frameworks",
				);
				MARKETING_VERSION = 1.0;
				PRODUCT_BUNDLE_IDENTIFIER = keller.OnlineStoreTheOne;
				PRODUCT_NAME = "$(TARGET_NAME)";
				SUPPORTED_PLATFORMS = "iphoneos iphonesimulator";
				SUPPORTS_MACCATALYST = NO;
				SUPPORTS_MAC_DESIGNED_FOR_IPHONE_IPAD = NO;
				SUPPORTS_XR_DESIGNED_FOR_IPHONE_IPAD = NO;
				SWIFT_EMIT_LOC_STRINGS = YES;
				SWIFT_VERSION = 5.0;
				TARGETED_DEVICE_FAMILY = 1;
			};
			name = Debug;
		};
		E1F1B2342BCC1853001DC54D /* Release */ = {
			isa = XCBuildConfiguration;
			buildSettings = {
				ASSETCATALOG_COMPILER_APPICON_NAME = AppIcon;
				ASSETCATALOG_COMPILER_GLOBAL_ACCENT_COLOR_NAME = AccentColor;
				CODE_SIGN_STYLE = Automatic;
				CURRENT_PROJECT_VERSION = 1;
				DEVELOPMENT_TEAM = KYB528F2CP;
				GENERATE_INFOPLIST_FILE = YES;
				INFOPLIST_FILE = OnlineStoreTheOne/Apps/Info.plist;
				INFOPLIST_KEY_UIApplicationSupportsIndirectInputEvents = YES;
				INFOPLIST_KEY_UILaunchStoryboardName = LaunchScreen;
				INFOPLIST_KEY_UISupportedInterfaceOrientations = UIInterfaceOrientationPortrait;
				INFOPLIST_KEY_UISupportedInterfaceOrientations_iPad = "UIInterfaceOrientationLandscapeLeft UIInterfaceOrientationLandscapeRight UIInterfaceOrientationPortrait UIInterfaceOrientationPortraitUpsideDown";
				IPHONEOS_DEPLOYMENT_TARGET = 15.0;
				LD_RUNPATH_SEARCH_PATHS = (
					"$(inherited)",
					"@executable_path/Frameworks",
				);
				MARKETING_VERSION = 1.0;
				PRODUCT_BUNDLE_IDENTIFIER = keller.OnlineStoreTheOne;
				PRODUCT_NAME = "$(TARGET_NAME)";
				SUPPORTED_PLATFORMS = "iphoneos iphonesimulator";
				SUPPORTS_MACCATALYST = NO;
				SUPPORTS_MAC_DESIGNED_FOR_IPHONE_IPAD = NO;
				SUPPORTS_XR_DESIGNED_FOR_IPHONE_IPAD = NO;
				SWIFT_EMIT_LOC_STRINGS = YES;
				SWIFT_VERSION = 5.0;
				TARGETED_DEVICE_FAMILY = 1;
			};
			name = Release;
		};
/* End XCBuildConfiguration section */

/* Begin XCConfigurationList section */
		E1F1B2192BCC1852001DC54D /* Build configuration list for PBXProject "OnlineStoreTheOne" */ = {
			isa = XCConfigurationList;
			buildConfigurations = (
				E1F1B2302BCC1853001DC54D /* Debug */,
				E1F1B2312BCC1853001DC54D /* Release */,
			);
			defaultConfigurationIsVisible = 0;
			defaultConfigurationName = Release;
		};
		E1F1B2322BCC1853001DC54D /* Build configuration list for PBXNativeTarget "OnlineStoreTheOne" */ = {
			isa = XCConfigurationList;
			buildConfigurations = (
				E1F1B2332BCC1853001DC54D /* Debug */,
				E1F1B2342BCC1853001DC54D /* Release */,
			);
			defaultConfigurationIsVisible = 0;
			defaultConfigurationName = Release;
		};
/* End XCConfigurationList section */

/* Begin XCRemoteSwiftPackageReference section */
		E13B33FA2BD2A097007B17FC /* XCRemoteSwiftPackageReference "Kingfisher" */ = {
			isa = XCRemoteSwiftPackageReference;
			repositoryURL = "https://github.com/onevcat/Kingfisher.git";
			requirement = {
				kind = upToNextMajorVersion;
				minimumVersion = 7.11.0;
			};
		};
		E16BB6702BD461C0009991F3 /* XCRemoteSwiftPackageReference "realm-swift" */ = {
			isa = XCRemoteSwiftPackageReference;
			repositoryURL = "https://github.com/realm/realm-swift.git";
			requirement = {
				branch = master;
				kind = branch;
			};
		};
		E1F1B2642BCC5122001DC54D /* XCRemoteSwiftPackageReference "SnapKit" */ = {
			isa = XCRemoteSwiftPackageReference;
			repositoryURL = "https://github.com/SnapKit/SnapKit";
			requirement = {
				kind = upToNextMajorVersion;
				minimumVersion = 5.7.1;
			};
		};
/* End XCRemoteSwiftPackageReference section */

/* Begin XCSwiftPackageProductDependency section */
		E13B33FB2BD2A097007B17FC /* Kingfisher */ = {
			isa = XCSwiftPackageProductDependency;
			package = E13B33FA2BD2A097007B17FC /* XCRemoteSwiftPackageReference "Kingfisher" */;
			productName = Kingfisher;
		};
		E16BB6712BD461C1009991F3 /* Realm */ = {
			isa = XCSwiftPackageProductDependency;
			package = E16BB6702BD461C0009991F3 /* XCRemoteSwiftPackageReference "realm-swift" */;
			productName = Realm;
		};
		E16BB6732BD461C1009991F3 /* RealmSwift */ = {
			isa = XCSwiftPackageProductDependency;
			package = E16BB6702BD461C0009991F3 /* XCRemoteSwiftPackageReference "realm-swift" */;
			productName = RealmSwift;
		};
		E1F1B2652BCC5122001DC54D /* SnapKit */ = {
			isa = XCSwiftPackageProductDependency;
			package = E1F1B2642BCC5122001DC54D /* XCRemoteSwiftPackageReference "SnapKit" */;
			productName = SnapKit;
		};
		E1F1B2672BCC5122001DC54D /* SnapKit-Dynamic */ = {
			isa = XCSwiftPackageProductDependency;
			package = E1F1B2642BCC5122001DC54D /* XCRemoteSwiftPackageReference "SnapKit" */;
			productName = "SnapKit-Dynamic";
		};
/* End XCSwiftPackageProductDependency section */
	};
	rootObject = E1F1B2162BCC1852001DC54D /* Project object */;
}
